// !$*UTF8*$!
{
	archiveVersion = 1;
	classes = {
	};
	objectVersion = 56;
	objects = {

/* Begin PBXBuildFile section */
		00331B1729EB01E800687079 /* UIImage + Extension.swift in Sources */ = {isa = PBXBuildFile; fileRef = 00331B1629EB01E800687079 /* UIImage + Extension.swift */; };
		00D9A1D529E69B9F00EE9A24 /* EditProfileView.swift in Sources */ = {isa = PBXBuildFile; fileRef = 00D9A1D429E69B9F00EE9A24 /* EditProfileView.swift */; };
		00D9A1D829E69C2600EE9A24 /* AvatarView.swift in Sources */ = {isa = PBXBuildFile; fileRef = 00D9A1D729E69C2600EE9A24 /* AvatarView.swift */; };
		00D9A1DA29E69C8000EE9A24 /* CheckboxView.swift in Sources */ = {isa = PBXBuildFile; fileRef = 00D9A1D929E69C8000EE9A24 /* CheckboxView.swift */; };
		00D9A1DC29E69CF500EE9A24 /* CircularCheckmark.swift in Sources */ = {isa = PBXBuildFile; fileRef = 00D9A1DB29E69CF500EE9A24 /* CircularCheckmark.swift */; };
		00D9A1DE29E69D3900EE9A24 /* TextView.swift in Sources */ = {isa = PBXBuildFile; fileRef = 00D9A1DD29E69D3900EE9A24 /* TextView.swift */; };
		00D9A1E129E6CB8400EE9A24 /* EditProfileViewController.swift in Sources */ = {isa = PBXBuildFile; fileRef = 00D9A1E029E6CB8400EE9A24 /* EditProfileViewController.swift */; };
		00D9A1E429E6F51400EE9A24 /* ChangePhotoView.swift in Sources */ = {isa = PBXBuildFile; fileRef = 00D9A1E329E6F51400EE9A24 /* ChangePhotoView.swift */; };
		0C83C11329DABAF600C4592E /* SplashViewController.swift in Sources */ = {isa = PBXBuildFile; fileRef = 0C83C11229DABAF600C4592E /* SplashViewController.swift */; };
		0C83C11529DABF4400C4592E /* UILabel + Extension.swift in Sources */ = {isa = PBXBuildFile; fileRef = 0C83C11429DABF4400C4592E /* UILabel + Extension.swift */; };
		0C83C11729DABFAD00C4592E /* UIFont + Extension.swift in Sources */ = {isa = PBXBuildFile; fileRef = 0C83C11629DABFAD00C4592E /* UIFont + Extension.swift */; };
		0C83C11929DAC09300C4592E /* UIButton + Extension.swift in Sources */ = {isa = PBXBuildFile; fileRef = 0C83C11829DAC09300C4592E /* UIButton + Extension.swift */; };
		0C83C11B29DAC1CE00C4592E /* UIImageView + Extension.swift in Sources */ = {isa = PBXBuildFile; fileRef = 0C83C11A29DAC1CE00C4592E /* UIImageView + Extension.swift */; };
		0C83C11D29DAD6EC00C4592E /* UIView + Extension.swift in Sources */ = {isa = PBXBuildFile; fileRef = 0C83C11C29DAD6EC00C4592E /* UIView + Extension.swift */; };
		0C83C11E29DADF3900C4592E /* Assets.xcassets in Resources */ = {isa = PBXBuildFile; fileRef = 75986DFE29D8E07B00BDECB0 /* Assets.xcassets */; };
		0C83C12129DAE1C600C4592E /* PlusJakartaSans-Bold.ttf in Resources */ = {isa = PBXBuildFile; fileRef = 0C83C12029DAE1C600C4592E /* PlusJakartaSans-Bold.ttf */; };
		0C83C12629DAE23700C4592E /* PlusJakartaSans-Medium.ttf in Resources */ = {isa = PBXBuildFile; fileRef = 0C83C12229DAE23600C4592E /* PlusJakartaSans-Medium.ttf */; };
		0C83C12729DAE23700C4592E /* PlusJakartaSans-Italic.ttf in Resources */ = {isa = PBXBuildFile; fileRef = 0C83C12329DAE23600C4592E /* PlusJakartaSans-Italic.ttf */; };
		0C83C12829DAE23700C4592E /* PlusJakartaSans-Regular.ttf in Resources */ = {isa = PBXBuildFile; fileRef = 0C83C12429DAE23600C4592E /* PlusJakartaSans-Regular.ttf */; };
		0C83C12929DAE23700C4592E /* PlusJakartaSans-Light.ttf in Resources */ = {isa = PBXBuildFile; fileRef = 0C83C12529DAE23700C4592E /* PlusJakartaSans-Light.ttf */; };
		0C83C12B29DAEEB900C4592E /* UITextField + Extension.swift in Sources */ = {isa = PBXBuildFile; fileRef = 0C83C12A29DAEEB900C4592E /* UITextField + Extension.swift */; };
		0C83C12F29DAF55500C4592E /* InputWithButton.swift in Sources */ = {isa = PBXBuildFile; fileRef = 0C83C12E29DAF55500C4592E /* InputWithButton.swift */; };
		0C83C13129DAF82A00C4592E /* LoginViewController.swift in Sources */ = {isa = PBXBuildFile; fileRef = 0C83C13029DAF82A00C4592E /* LoginViewController.swift */; };
		0C83C13329DB1C1C00C4592E /* DividerView.swift in Sources */ = {isa = PBXBuildFile; fileRef = 0C83C13229DB1C1C00C4592E /* DividerView.swift */; };
		0C83C13529DB3BC500C4592E /* SignInViewController.swift in Sources */ = {isa = PBXBuildFile; fileRef = 0C83C13429DB3BC500C4592E /* SignInViewController.swift */; };
		0C83C13729DB3EED00C4592E /* UIViewController + Extension.swift in Sources */ = {isa = PBXBuildFile; fileRef = 0C83C13629DB3EED00C4592E /* UIViewController + Extension.swift */; };
		0C83C13B29DC6B1500C4592E /* SecondLoginViewController.swift in Sources */ = {isa = PBXBuildFile; fileRef = 0C83C13A29DC6B1500C4592E /* SecondLoginViewController.swift */; };
		0C83C14529E19C2000C4592E /* AuthService.swift in Sources */ = {isa = PBXBuildFile; fileRef = 0C83C14429E19C2000C4592E /* AuthService.swift */; };
		0C83C14829E19C7600C4592E /* Validators.swift in Sources */ = {isa = PBXBuildFile; fileRef = 0C83C14729E19C7600C4592E /* Validators.swift */; };
		0C83C14A29E19C9F00C4592E /* AuthError.swift in Sources */ = {isa = PBXBuildFile; fileRef = 0C83C14929E19C9F00C4592E /* AuthError.swift */; };
		0C83C14F29E1A6E300C4592E /* GoogleService-Info.plist in Resources */ = {isa = PBXBuildFile; fileRef = 0C83C14E29E1A6E300C4592E /* GoogleService-Info.plist */; };
		0C83C15F29E9B37C00C4592E /* Theme.swift in Sources */ = {isa = PBXBuildFile; fileRef = 0C83C15E29E9B37C00C4592E /* Theme.swift */; };
		0C83C16129E9B38A00C4592E /* Persist.swift in Sources */ = {isa = PBXBuildFile; fileRef = 0C83C16029E9B38A00C4592E /* Persist.swift */; };
		0C83C16329EB2C8100C4592E /* CoreDataService.swift in Sources */ = {isa = PBXBuildFile; fileRef = 0C83C16229EB2C8100C4592E /* CoreDataService.swift */; };
		0CC0448C29ED9A0B00F6FD3E /* GoogleSignIn in Frameworks */ = {isa = PBXBuildFile; productRef = 0CC0448B29ED9A0B00F6FD3E /* GoogleSignIn */; };
		0CC0448E29ED9A0B00F6FD3E /* GoogleSignInSwift in Frameworks */ = {isa = PBXBuildFile; productRef = 0CC0448D29ED9A0B00F6FD3E /* GoogleSignInSwift */; };
		0CC0449129ED9B9000F6FD3E /* FirebaseAuth in Frameworks */ = {isa = PBXBuildFile; productRef = 0CC0449029ED9B9000F6FD3E /* FirebaseAuth */; };
		0CC0449429ED9C2E00F6FD3E /* SDWebImage in Frameworks */ = {isa = PBXBuildFile; productRef = 0CC0449329ED9C2E00F6FD3E /* SDWebImage */; };
		0CE1681029EBC0660021D593 /* UserModel.swift in Sources */ = {isa = PBXBuildFile; fileRef = 0CE1680F29EBC0660021D593 /* UserModel.swift */; };
		0CE1681229EBC2420021D593 /* UserDataSource.swift in Sources */ = {isa = PBXBuildFile; fileRef = 0CE1681129EBC2420021D593 /* UserDataSource.swift */; };
		0CE1681429EBC3000021D593 /* MovieModel.swift in Sources */ = {isa = PBXBuildFile; fileRef = 0CE1681329EBC3000021D593 /* MovieModel.swift */; };
		2C92CEA629DF563300B3B9A7 /* RecentTableViewCell.swift in Sources */ = {isa = PBXBuildFile; fileRef = 2C92CEA529DF563300B3B9A7 /* RecentTableViewCell.swift */; };
		2CD7DD4A29E81F3D00E80514 /* Enums.swift in Sources */ = {isa = PBXBuildFile; fileRef = 2CD7DD4929E81F3D00E80514 /* Enums.swift */; };
		3BB5FF675333053995E9BCFA /* Pods_MovieApp.framework in Frameworks */ = {isa = PBXBuildFile; fileRef = 0B886FE607F858AAD9AD5C1B /* Pods_MovieApp.framework */; };
		751715B629E09BAF00D95475 /* MainInfoCollectionViewCell.swift in Sources */ = {isa = PBXBuildFile; fileRef = 751715B529E09BAF00D95475 /* MainInfoCollectionViewCell.swift */; };
		751715B929E09BE000D95475 /* CastAndCrewCollectionViewCell.swift in Sources */ = {isa = PBXBuildFile; fileRef = 751715B829E09BE000D95475 /* CastAndCrewCollectionViewCell.swift */; };
		751715BB29E09C5C00D95475 /* MainInfoStackView.swift in Sources */ = {isa = PBXBuildFile; fileRef = 751715BA29E09C5C00D95475 /* MainInfoStackView.swift */; };
		751715BE29E0A2B400D95475 /* MainInfo.swift in Sources */ = {isa = PBXBuildFile; fileRef = 751715BD29E0A2B400D95475 /* MainInfo.swift */; };
		751715C029E0A2E900D95475 /* CastAndCrewInfo.swift in Sources */ = {isa = PBXBuildFile; fileRef = 751715BF29E0A2E900D95475 /* CastAndCrewInfo.swift */; };
		751715C329E0A53000D95475 /* MovieDetailViewController.swift in Sources */ = {isa = PBXBuildFile; fileRef = 751715C229E0A53000D95475 /* MovieDetailViewController.swift */; };
		751715C529E0A7E500D95475 /* InfoStack.swift in Sources */ = {isa = PBXBuildFile; fileRef = 751715C429E0A7E500D95475 /* InfoStack.swift */; };
		751715C929E0B9C200D95475 /* Montserrat-Medium.ttf in Resources */ = {isa = PBXBuildFile; fileRef = 751715C829E0B9C200D95475 /* Montserrat-Medium.ttf */; };
		751715CB29E0BD2900D95475 /* PlusJakartaSans-SemiBold.ttf in Resources */ = {isa = PBXBuildFile; fileRef = 751715CA29E0BD2900D95475 /* PlusJakartaSans-SemiBold.ttf */; };
		752F18F329E5A8B300B020E2 /* APICaller.swift in Sources */ = {isa = PBXBuildFile; fileRef = 752F18F229E5A8B300B020E2 /* APICaller.swift */; };
		752F18F529E5A8EF00B020E2 /* APIModel.swift in Sources */ = {isa = PBXBuildFile; fileRef = 752F18F429E5A8EF00B020E2 /* APIModel.swift */; };
		752F18F729E5A91100B020E2 /* NetworkConstants.swift in Sources */ = {isa = PBXBuildFile; fileRef = 752F18F629E5A91100B020E2 /* NetworkConstants.swift */; };
		752F18F929E5AC8B00B020E2 /* ExpandableLabel.swift in Sources */ = {isa = PBXBuildFile; fileRef = 752F18F829E5AC8B00B020E2 /* ExpandableLabel.swift */; };
		7533B0EB29EB30170064FEF3 /* MovieCardsCarusel.swift in Sources */ = {isa = PBXBuildFile; fileRef = 7533B0EA29EB30170064FEF3 /* MovieCardsCarusel.swift */; };
		757D2EE929E9DAA500761289 /* AllMovies.swift in Sources */ = {isa = PBXBuildFile; fileRef = 757D2EE829E9DAA500761289 /* AllMovies.swift */; };
		75986DCF29D8B8CC00BDECB0 /* AppDelegate.swift in Sources */ = {isa = PBXBuildFile; fileRef = 75986DCE29D8B8CC00BDECB0 /* AppDelegate.swift */; };
		75986DD129D8B8CC00BDECB0 /* SceneDelegate.swift in Sources */ = {isa = PBXBuildFile; fileRef = 75986DD029D8B8CC00BDECB0 /* SceneDelegate.swift */; };
		75986DD329D8B8CC00BDECB0 /* SearchViewController.swift in Sources */ = {isa = PBXBuildFile; fileRef = 75986DD229D8B8CC00BDECB0 /* SearchViewController.swift */; };
		75986DD929D8B8CC00BDECB0 /* MovieApp.xcdatamodeld in Sources */ = {isa = PBXBuildFile; fileRef = 75986DD729D8B8CC00BDECB0 /* MovieApp.xcdatamodeld */; };
		75986DDE29D8B8CD00BDECB0 /* LaunchScreen.storyboard in Resources */ = {isa = PBXBuildFile; fileRef = 75986DDC29D8B8CD00BDECB0 /* LaunchScreen.storyboard */; };
		75986DEC29D8CA4E00BDECB0 /* TabBarViewController.swift in Sources */ = {isa = PBXBuildFile; fileRef = 75986DEB29D8CA4E00BDECB0 /* TabBarViewController.swift */; };
		75986DF029D8CBD900BDECB0 /* NavigationBarController.swift in Sources */ = {isa = PBXBuildFile; fileRef = 75986DEF29D8CBD900BDECB0 /* NavigationBarController.swift */; };
		75986DF229D8CC2700BDECB0 /* Constants.swift in Sources */ = {isa = PBXBuildFile; fileRef = 75986DF129D8CC2700BDECB0 /* Constants.swift */; };
		75986DF429D8D0E400BDECB0 /* RecentViewController.swift in Sources */ = {isa = PBXBuildFile; fileRef = 75986DF329D8D0E400BDECB0 /* RecentViewController.swift */; };
		75986DF629D8D0F900BDECB0 /* HomeViewController.swift in Sources */ = {isa = PBXBuildFile; fileRef = 75986DF529D8D0F900BDECB0 /* HomeViewController.swift */; };
		75986DF829D8D13100BDECB0 /* FavorivesViewController.swift in Sources */ = {isa = PBXBuildFile; fileRef = 75986DF729D8D13100BDECB0 /* FavorivesViewController.swift */; };
		75986DFA29D8D15B00BDECB0 /* SettingViewController.swift in Sources */ = {isa = PBXBuildFile; fileRef = 75986DF929D8D15B00BDECB0 /* SettingViewController.swift */; };
		75986DFD29D8DB2D00BDECB0 /* UIColor + ext.swift in Sources */ = {isa = PBXBuildFile; fileRef = 75986DFC29D8DB2D00BDECB0 /* UIColor + ext.swift */; };
		75FAEDE629F03A7F002089FC /* HomePageViewController.swift in Sources */ = {isa = PBXBuildFile; fileRef = 75FAEDE529F03A7F002089FC /* HomePageViewController.swift */; };
		75FAEDE829F05AFD002089FC /* AllMoviesViewCell.swift in Sources */ = {isa = PBXBuildFile; fileRef = 75FAEDE729F05AFD002089FC /* AllMoviesViewCell.swift */; };
		D000C84029DEC8FB009486B7 /* MovieCardsCollectionView.swift in Sources */ = {isa = PBXBuildFile; fileRef = D000C83F29DEC8FB009486B7 /* MovieCardsCollectionView.swift */; };
		D000C84229DEC928009486B7 /* MovieCardsCell.swift in Sources */ = {isa = PBXBuildFile; fileRef = D000C84129DEC928009486B7 /* MovieCardsCell.swift */; };
		D056719D29E015AB002C2449 /* CategoryCollectionView.swift in Sources */ = {isa = PBXBuildFile; fileRef = D056719C29E015AB002C2449 /* CategoryCollectionView.swift */; };
		D056719F29E01629002C2449 /* CategoriesCell.swift in Sources */ = {isa = PBXBuildFile; fileRef = D056719E29E01629002C2449 /* CategoriesCell.swift */; };
		D0965C4929E1AB9D00CFDA35 /* MoviesTableView.swift in Sources */ = {isa = PBXBuildFile; fileRef = D0965C4829E1AB9D00CFDA35 /* MoviesTableView.swift */; };
		D0965C4B29E1AC8800CFDA35 /* MoviesCellView.swift in Sources */ = {isa = PBXBuildFile; fileRef = D0965C4A29E1AC8800CFDA35 /* MoviesCellView.swift */; };
		EE73434B29E479C5006B6B3D /* SettingHeaderTableViewCell.swift in Sources */ = {isa = PBXBuildFile; fileRef = EE73434A29E479C5006B6B3D /* SettingHeaderTableViewCell.swift */; };
		EE73434D29E479ED006B6B3D /* SettingTableViewCell.swift in Sources */ = {isa = PBXBuildFile; fileRef = EE73434C29E479ED006B6B3D /* SettingTableViewCell.swift */; };
/* End PBXBuildFile section */

/* Begin PBXFileReference section */
		00331B1629EB01E800687079 /* UIImage + Extension.swift */ = {isa = PBXFileReference; lastKnownFileType = sourcecode.swift; path = "UIImage + Extension.swift"; sourceTree = "<group>"; };
		00D9A1D429E69B9F00EE9A24 /* EditProfileView.swift */ = {isa = PBXFileReference; lastKnownFileType = sourcecode.swift; path = EditProfileView.swift; sourceTree = "<group>"; };
		00D9A1D729E69C2600EE9A24 /* AvatarView.swift */ = {isa = PBXFileReference; lastKnownFileType = sourcecode.swift; path = AvatarView.swift; sourceTree = "<group>"; };
		00D9A1D929E69C8000EE9A24 /* CheckboxView.swift */ = {isa = PBXFileReference; lastKnownFileType = sourcecode.swift; path = CheckboxView.swift; sourceTree = "<group>"; };
		00D9A1DB29E69CF500EE9A24 /* CircularCheckmark.swift */ = {isa = PBXFileReference; lastKnownFileType = sourcecode.swift; path = CircularCheckmark.swift; sourceTree = "<group>"; };
		00D9A1DD29E69D3900EE9A24 /* TextView.swift */ = {isa = PBXFileReference; lastKnownFileType = sourcecode.swift; path = TextView.swift; sourceTree = "<group>"; };
		00D9A1E029E6CB8400EE9A24 /* EditProfileViewController.swift */ = {isa = PBXFileReference; lastKnownFileType = sourcecode.swift; path = EditProfileViewController.swift; sourceTree = "<group>"; };
		00D9A1E329E6F51400EE9A24 /* ChangePhotoView.swift */ = {isa = PBXFileReference; lastKnownFileType = sourcecode.swift; path = ChangePhotoView.swift; sourceTree = "<group>"; };
		0B886FE607F858AAD9AD5C1B /* Pods_MovieApp.framework */ = {isa = PBXFileReference; explicitFileType = wrapper.framework; includeInIndex = 0; path = Pods_MovieApp.framework; sourceTree = BUILT_PRODUCTS_DIR; };
		0C83C11229DABAF600C4592E /* SplashViewController.swift */ = {isa = PBXFileReference; lastKnownFileType = sourcecode.swift; path = SplashViewController.swift; sourceTree = "<group>"; };
		0C83C11429DABF4400C4592E /* UILabel + Extension.swift */ = {isa = PBXFileReference; lastKnownFileType = sourcecode.swift; path = "UILabel + Extension.swift"; sourceTree = "<group>"; };
		0C83C11629DABFAD00C4592E /* UIFont + Extension.swift */ = {isa = PBXFileReference; lastKnownFileType = sourcecode.swift; path = "UIFont + Extension.swift"; sourceTree = "<group>"; };
		0C83C11829DAC09300C4592E /* UIButton + Extension.swift */ = {isa = PBXFileReference; lastKnownFileType = sourcecode.swift; path = "UIButton + Extension.swift"; sourceTree = "<group>"; };
		0C83C11A29DAC1CE00C4592E /* UIImageView + Extension.swift */ = {isa = PBXFileReference; lastKnownFileType = sourcecode.swift; path = "UIImageView + Extension.swift"; sourceTree = "<group>"; };
		0C83C11C29DAD6EC00C4592E /* UIView + Extension.swift */ = {isa = PBXFileReference; lastKnownFileType = sourcecode.swift; path = "UIView + Extension.swift"; sourceTree = "<group>"; };
		0C83C12029DAE1C600C4592E /* PlusJakartaSans-Bold.ttf */ = {isa = PBXFileReference; lastKnownFileType = file; path = "PlusJakartaSans-Bold.ttf"; sourceTree = "<group>"; };
		0C83C12229DAE23600C4592E /* PlusJakartaSans-Medium.ttf */ = {isa = PBXFileReference; lastKnownFileType = file; path = "PlusJakartaSans-Medium.ttf"; sourceTree = "<group>"; };
		0C83C12329DAE23600C4592E /* PlusJakartaSans-Italic.ttf */ = {isa = PBXFileReference; lastKnownFileType = file; path = "PlusJakartaSans-Italic.ttf"; sourceTree = "<group>"; };
		0C83C12429DAE23600C4592E /* PlusJakartaSans-Regular.ttf */ = {isa = PBXFileReference; lastKnownFileType = file; path = "PlusJakartaSans-Regular.ttf"; sourceTree = "<group>"; };
		0C83C12529DAE23700C4592E /* PlusJakartaSans-Light.ttf */ = {isa = PBXFileReference; lastKnownFileType = file; path = "PlusJakartaSans-Light.ttf"; sourceTree = "<group>"; };
		0C83C12A29DAEEB900C4592E /* UITextField + Extension.swift */ = {isa = PBXFileReference; lastKnownFileType = sourcecode.swift; path = "UITextField + Extension.swift"; sourceTree = "<group>"; };
		0C83C12E29DAF55500C4592E /* InputWithButton.swift */ = {isa = PBXFileReference; lastKnownFileType = sourcecode.swift; path = InputWithButton.swift; sourceTree = "<group>"; };
		0C83C13029DAF82A00C4592E /* LoginViewController.swift */ = {isa = PBXFileReference; lastKnownFileType = sourcecode.swift; path = LoginViewController.swift; sourceTree = "<group>"; };
		0C83C13229DB1C1C00C4592E /* DividerView.swift */ = {isa = PBXFileReference; lastKnownFileType = sourcecode.swift; path = DividerView.swift; sourceTree = "<group>"; };
		0C83C13429DB3BC500C4592E /* SignInViewController.swift */ = {isa = PBXFileReference; lastKnownFileType = sourcecode.swift; path = SignInViewController.swift; sourceTree = "<group>"; };
		0C83C13629DB3EED00C4592E /* UIViewController + Extension.swift */ = {isa = PBXFileReference; lastKnownFileType = sourcecode.swift; path = "UIViewController + Extension.swift"; sourceTree = "<group>"; };
		0C83C13A29DC6B1500C4592E /* SecondLoginViewController.swift */ = {isa = PBXFileReference; lastKnownFileType = sourcecode.swift; path = SecondLoginViewController.swift; sourceTree = "<group>"; };
		0C83C14429E19C2000C4592E /* AuthService.swift */ = {isa = PBXFileReference; lastKnownFileType = sourcecode.swift; path = AuthService.swift; sourceTree = "<group>"; };
		0C83C14729E19C7600C4592E /* Validators.swift */ = {isa = PBXFileReference; lastKnownFileType = sourcecode.swift; path = Validators.swift; sourceTree = "<group>"; };
		0C83C14929E19C9F00C4592E /* AuthError.swift */ = {isa = PBXFileReference; lastKnownFileType = sourcecode.swift; path = AuthError.swift; sourceTree = "<group>"; };
		0C83C14E29E1A6E300C4592E /* GoogleService-Info.plist */ = {isa = PBXFileReference; fileEncoding = 4; lastKnownFileType = text.plist.xml; path = "GoogleService-Info.plist"; sourceTree = "<group>"; };
		0C83C15E29E9B37C00C4592E /* Theme.swift */ = {isa = PBXFileReference; fileEncoding = 4; lastKnownFileType = sourcecode.swift; path = Theme.swift; sourceTree = "<group>"; };
		0C83C16029E9B38A00C4592E /* Persist.swift */ = {isa = PBXFileReference; fileEncoding = 4; lastKnownFileType = sourcecode.swift; path = Persist.swift; sourceTree = "<group>"; };
		0C83C16229EB2C8100C4592E /* CoreDataService.swift */ = {isa = PBXFileReference; fileEncoding = 4; lastKnownFileType = sourcecode.swift; path = CoreDataService.swift; sourceTree = "<group>"; };
		0CE1680F29EBC0660021D593 /* UserModel.swift */ = {isa = PBXFileReference; lastKnownFileType = sourcecode.swift; path = UserModel.swift; sourceTree = "<group>"; };
		0CE1681129EBC2420021D593 /* UserDataSource.swift */ = {isa = PBXFileReference; lastKnownFileType = sourcecode.swift; path = UserDataSource.swift; sourceTree = "<group>"; };
		0CE1681329EBC3000021D593 /* MovieModel.swift */ = {isa = PBXFileReference; lastKnownFileType = sourcecode.swift; path = MovieModel.swift; sourceTree = "<group>"; };
		2C92CEA529DF563300B3B9A7 /* RecentTableViewCell.swift */ = {isa = PBXFileReference; lastKnownFileType = sourcecode.swift; path = RecentTableViewCell.swift; sourceTree = "<group>"; };
		2CD7DD4929E81F3D00E80514 /* Enums.swift */ = {isa = PBXFileReference; lastKnownFileType = sourcecode.swift; path = Enums.swift; sourceTree = "<group>"; };
		65789FE37171535124E2449F /* Pods-MovieApp.release.xcconfig */ = {isa = PBXFileReference; includeInIndex = 1; lastKnownFileType = text.xcconfig; name = "Pods-MovieApp.release.xcconfig"; path = "Target Support Files/Pods-MovieApp/Pods-MovieApp.release.xcconfig"; sourceTree = "<group>"; };
		751715B529E09BAF00D95475 /* MainInfoCollectionViewCell.swift */ = {isa = PBXFileReference; lastKnownFileType = sourcecode.swift; path = MainInfoCollectionViewCell.swift; sourceTree = "<group>"; };
		751715B829E09BE000D95475 /* CastAndCrewCollectionViewCell.swift */ = {isa = PBXFileReference; lastKnownFileType = sourcecode.swift; path = CastAndCrewCollectionViewCell.swift; sourceTree = "<group>"; };
		751715BA29E09C5C00D95475 /* MainInfoStackView.swift */ = {isa = PBXFileReference; lastKnownFileType = sourcecode.swift; path = MainInfoStackView.swift; sourceTree = "<group>"; };
		751715BD29E0A2B400D95475 /* MainInfo.swift */ = {isa = PBXFileReference; lastKnownFileType = sourcecode.swift; path = MainInfo.swift; sourceTree = "<group>"; };
		751715BF29E0A2E900D95475 /* CastAndCrewInfo.swift */ = {isa = PBXFileReference; lastKnownFileType = sourcecode.swift; path = CastAndCrewInfo.swift; sourceTree = "<group>"; };
		751715C229E0A53000D95475 /* MovieDetailViewController.swift */ = {isa = PBXFileReference; lastKnownFileType = sourcecode.swift; path = MovieDetailViewController.swift; sourceTree = "<group>"; };
		751715C429E0A7E500D95475 /* InfoStack.swift */ = {isa = PBXFileReference; lastKnownFileType = sourcecode.swift; path = InfoStack.swift; sourceTree = "<group>"; };
		751715C829E0B9C200D95475 /* Montserrat-Medium.ttf */ = {isa = PBXFileReference; lastKnownFileType = file; path = "Montserrat-Medium.ttf"; sourceTree = "<group>"; };
		751715CA29E0BD2900D95475 /* PlusJakartaSans-SemiBold.ttf */ = {isa = PBXFileReference; lastKnownFileType = file; path = "PlusJakartaSans-SemiBold.ttf"; sourceTree = "<group>"; };
		752F18F229E5A8B300B020E2 /* APICaller.swift */ = {isa = PBXFileReference; lastKnownFileType = sourcecode.swift; path = APICaller.swift; sourceTree = "<group>"; };
		752F18F429E5A8EF00B020E2 /* APIModel.swift */ = {isa = PBXFileReference; lastKnownFileType = sourcecode.swift; path = APIModel.swift; sourceTree = "<group>"; };
		752F18F629E5A91100B020E2 /* NetworkConstants.swift */ = {isa = PBXFileReference; lastKnownFileType = sourcecode.swift; path = NetworkConstants.swift; sourceTree = "<group>"; };
		752F18F829E5AC8B00B020E2 /* ExpandableLabel.swift */ = {isa = PBXFileReference; lastKnownFileType = sourcecode.swift; path = ExpandableLabel.swift; sourceTree = "<group>"; };
		7533B0EA29EB30170064FEF3 /* MovieCardsCarusel.swift */ = {isa = PBXFileReference; lastKnownFileType = sourcecode.swift; path = MovieCardsCarusel.swift; sourceTree = "<group>"; };
		757D2EE829E9DAA500761289 /* AllMovies.swift */ = {isa = PBXFileReference; lastKnownFileType = sourcecode.swift; path = AllMovies.swift; sourceTree = "<group>"; };
		75986DCB29D8B8CC00BDECB0 /* MovieApp.app */ = {isa = PBXFileReference; explicitFileType = wrapper.application; includeInIndex = 0; path = MovieApp.app; sourceTree = BUILT_PRODUCTS_DIR; };
		75986DCE29D8B8CC00BDECB0 /* AppDelegate.swift */ = {isa = PBXFileReference; lastKnownFileType = sourcecode.swift; path = AppDelegate.swift; sourceTree = "<group>"; };
		75986DD029D8B8CC00BDECB0 /* SceneDelegate.swift */ = {isa = PBXFileReference; lastKnownFileType = sourcecode.swift; path = SceneDelegate.swift; sourceTree = "<group>"; };
		75986DD229D8B8CC00BDECB0 /* SearchViewController.swift */ = {isa = PBXFileReference; lastKnownFileType = sourcecode.swift; path = SearchViewController.swift; sourceTree = "<group>"; };
		75986DD829D8B8CC00BDECB0 /* MovieApp.xcdatamodel */ = {isa = PBXFileReference; lastKnownFileType = wrapper.xcdatamodel; path = MovieApp.xcdatamodel; sourceTree = "<group>"; };
		75986DDD29D8B8CD00BDECB0 /* Base */ = {isa = PBXFileReference; lastKnownFileType = file.storyboard; name = Base; path = Base.lproj/LaunchScreen.storyboard; sourceTree = "<group>"; };
		75986DDF29D8B8CD00BDECB0 /* Info.plist */ = {isa = PBXFileReference; lastKnownFileType = text.plist.xml; path = Info.plist; sourceTree = "<group>"; };
		75986DEB29D8CA4E00BDECB0 /* TabBarViewController.swift */ = {isa = PBXFileReference; lastKnownFileType = sourcecode.swift; path = TabBarViewController.swift; sourceTree = "<group>"; };
		75986DEF29D8CBD900BDECB0 /* NavigationBarController.swift */ = {isa = PBXFileReference; lastKnownFileType = sourcecode.swift; path = NavigationBarController.swift; sourceTree = "<group>"; };
		75986DF129D8CC2700BDECB0 /* Constants.swift */ = {isa = PBXFileReference; lastKnownFileType = sourcecode.swift; path = Constants.swift; sourceTree = "<group>"; };
		75986DF329D8D0E400BDECB0 /* RecentViewController.swift */ = {isa = PBXFileReference; lastKnownFileType = sourcecode.swift; path = RecentViewController.swift; sourceTree = "<group>"; };
		75986DF529D8D0F900BDECB0 /* HomeViewController.swift */ = {isa = PBXFileReference; lastKnownFileType = sourcecode.swift; path = HomeViewController.swift; sourceTree = "<group>"; };
		75986DF729D8D13100BDECB0 /* FavorivesViewController.swift */ = {isa = PBXFileReference; lastKnownFileType = sourcecode.swift; path = FavorivesViewController.swift; sourceTree = "<group>"; };
		75986DF929D8D15B00BDECB0 /* SettingViewController.swift */ = {isa = PBXFileReference; lastKnownFileType = sourcecode.swift; path = SettingViewController.swift; sourceTree = "<group>"; };
		75986DFC29D8DB2D00BDECB0 /* UIColor + ext.swift */ = {isa = PBXFileReference; lastKnownFileType = sourcecode.swift; path = "UIColor + ext.swift"; sourceTree = "<group>"; };
		75986DFE29D8E07B00BDECB0 /* Assets.xcassets */ = {isa = PBXFileReference; lastKnownFileType = folder.assetcatalog; path = Assets.xcassets; sourceTree = "<group>"; };
		75FAEDE529F03A7F002089FC /* HomePageViewController.swift */ = {isa = PBXFileReference; lastKnownFileType = sourcecode.swift; path = HomePageViewController.swift; sourceTree = "<group>"; };
		75FAEDE729F05AFD002089FC /* AllMoviesViewCell.swift */ = {isa = PBXFileReference; lastKnownFileType = sourcecode.swift; path = AllMoviesViewCell.swift; sourceTree = "<group>"; };
		C5877A02D5A44F2AB13CB714 /* Pods-MovieApp.debug.xcconfig */ = {isa = PBXFileReference; includeInIndex = 1; lastKnownFileType = text.xcconfig; name = "Pods-MovieApp.debug.xcconfig"; path = "Target Support Files/Pods-MovieApp/Pods-MovieApp.debug.xcconfig"; sourceTree = "<group>"; };
		D000C83F29DEC8FB009486B7 /* MovieCardsCollectionView.swift */ = {isa = PBXFileReference; lastKnownFileType = sourcecode.swift; path = MovieCardsCollectionView.swift; sourceTree = "<group>"; };
		D000C84129DEC928009486B7 /* MovieCardsCell.swift */ = {isa = PBXFileReference; lastKnownFileType = sourcecode.swift; path = MovieCardsCell.swift; sourceTree = "<group>"; };
		D056719C29E015AB002C2449 /* CategoryCollectionView.swift */ = {isa = PBXFileReference; lastKnownFileType = sourcecode.swift; path = CategoryCollectionView.swift; sourceTree = "<group>"; };
		D056719E29E01629002C2449 /* CategoriesCell.swift */ = {isa = PBXFileReference; lastKnownFileType = sourcecode.swift; path = CategoriesCell.swift; sourceTree = "<group>"; };
		D0965C4829E1AB9D00CFDA35 /* MoviesTableView.swift */ = {isa = PBXFileReference; lastKnownFileType = sourcecode.swift; path = MoviesTableView.swift; sourceTree = "<group>"; };
		D0965C4A29E1AC8800CFDA35 /* MoviesCellView.swift */ = {isa = PBXFileReference; lastKnownFileType = sourcecode.swift; path = MoviesCellView.swift; sourceTree = "<group>"; };
		EE73434A29E479C5006B6B3D /* SettingHeaderTableViewCell.swift */ = {isa = PBXFileReference; lastKnownFileType = sourcecode.swift; path = SettingHeaderTableViewCell.swift; sourceTree = "<group>"; };
		EE73434C29E479ED006B6B3D /* SettingTableViewCell.swift */ = {isa = PBXFileReference; lastKnownFileType = sourcecode.swift; path = SettingTableViewCell.swift; sourceTree = "<group>"; };
/* End PBXFileReference section */

/* Begin PBXFrameworksBuildPhase section */
		75986DC829D8B8CC00BDECB0 /* Frameworks */ = {
			isa = PBXFrameworksBuildPhase;
			buildActionMask = 2147483647;
			files = (
				0CC0448E29ED9A0B00F6FD3E /* GoogleSignInSwift in Frameworks */,
				3BB5FF675333053995E9BCFA /* Pods_MovieApp.framework in Frameworks */,
				0CC0448C29ED9A0B00F6FD3E /* GoogleSignIn in Frameworks */,
				0CC0449129ED9B9000F6FD3E /* FirebaseAuth in Frameworks */,
				0CC0449429ED9C2E00F6FD3E /* SDWebImage in Frameworks */,
			);
			runOnlyForDeploymentPostprocessing = 0;
		};
/* End PBXFrameworksBuildPhase section */

/* Begin PBXGroup section */
		00D9A1D329E69B7100EE9A24 /* EditProfileScreen */ = {
			isa = PBXGroup;
			children = (
				00D9A1D629E69C0E00EE9A24 /* Elements */,
				00D9A1D429E69B9F00EE9A24 /* EditProfileView.swift */,
			);
			path = EditProfileScreen;
			sourceTree = "<group>";
		};
		00D9A1D629E69C0E00EE9A24 /* Elements */ = {
			isa = PBXGroup;
			children = (
				00D9A1D729E69C2600EE9A24 /* AvatarView.swift */,
				00D9A1D929E69C8000EE9A24 /* CheckboxView.swift */,
				00D9A1DB29E69CF500EE9A24 /* CircularCheckmark.swift */,
				00D9A1DD29E69D3900EE9A24 /* TextView.swift */,
				00D9A1E329E6F51400EE9A24 /* ChangePhotoView.swift */,
			);
			path = Elements;
			sourceTree = "<group>";
		};
		00D9A1DF29E6CB6500EE9A24 /* EditProfileScreen */ = {
			isa = PBXGroup;
			children = (
				00D9A1E029E6CB8400EE9A24 /* EditProfileViewController.swift */,
			);
			path = EditProfileScreen;
			sourceTree = "<group>";
		};
		0C83C11129DABA1F00C4592E /* MainRegistration */ = {
			isa = PBXGroup;
			children = (
				0C83C11229DABAF600C4592E /* SplashViewController.swift */,
				0C83C13029DAF82A00C4592E /* LoginViewController.swift */,
				0C83C13429DB3BC500C4592E /* SignInViewController.swift */,
				0C83C13A29DC6B1500C4592E /* SecondLoginViewController.swift */,
			);
			path = MainRegistration;
			sourceTree = "<group>";
		};
		0C83C11F29DAE1A900C4592E /* Fonts */ = {
			isa = PBXGroup;
			children = (
				751715CA29E0BD2900D95475 /* PlusJakartaSans-SemiBold.ttf */,
				751715C829E0B9C200D95475 /* Montserrat-Medium.ttf */,
				0C83C12329DAE23600C4592E /* PlusJakartaSans-Italic.ttf */,
				0C83C12529DAE23700C4592E /* PlusJakartaSans-Light.ttf */,
				0C83C12229DAE23600C4592E /* PlusJakartaSans-Medium.ttf */,
				0C83C12429DAE23600C4592E /* PlusJakartaSans-Regular.ttf */,
				0C83C12029DAE1C600C4592E /* PlusJakartaSans-Bold.ttf */,
			);
			path = Fonts;
			sourceTree = "<group>";
		};
		0C83C12D29DAF53400C4592E /* Elements */ = {
			isa = PBXGroup;
			children = (
				0C83C12E29DAF55500C4592E /* InputWithButton.swift */,
				0C83C13229DB1C1C00C4592E /* DividerView.swift */,
			);
			path = Elements;
			sourceTree = "<group>";
		};
		0C83C14329E19BEF00C4592E /* Services */ = {
			isa = PBXGroup;
			children = (
				0C83C16229EB2C8100C4592E /* CoreDataService.swift */,
				0C83C14429E19C2000C4592E /* AuthService.swift */,
				0CE1681129EBC2420021D593 /* UserDataSource.swift */,
			);
			path = Services;
			sourceTree = "<group>";
		};
		0C83C14629E19C5C00C4592E /* Helpers */ = {
			isa = PBXGroup;
			children = (
				0C83C14729E19C7600C4592E /* Validators.swift */,
				0C83C15E29E9B37C00C4592E /* Theme.swift */,
				0C83C16029E9B38A00C4592E /* Persist.swift */,
				0C83C14929E19C9F00C4592E /* AuthError.swift */,
			);
			path = Helpers;
			sourceTree = "<group>";
		};
		19E7EFF7ED8ADE40BBE9D85D /* Frameworks */ = {
			isa = PBXGroup;
			children = (
				0B886FE607F858AAD9AD5C1B /* Pods_MovieApp.framework */,
			);
			name = Frameworks;
			sourceTree = "<group>";
		};
		2C92CEA429DF55FB00B3B9A7 /* Cells */ = {
			isa = PBXGroup;
			children = (
				2C92CEA529DF563300B3B9A7 /* RecentTableViewCell.swift */,
			);
			path = Cells;
			sourceTree = "<group>";
		};
		751715B229E0985900D95475 /* MovieDetailScreen */ = {
			isa = PBXGroup;
			children = (
				751715B729E09BB700D95475 /* Cells */,
				751715BA29E09C5C00D95475 /* MainInfoStackView.swift */,
				751715C429E0A7E500D95475 /* InfoStack.swift */,
				752F18F829E5AC8B00B020E2 /* ExpandableLabel.swift */,
			);
			path = MovieDetailScreen;
			sourceTree = "<group>";
		};
		751715B729E09BB700D95475 /* Cells */ = {
			isa = PBXGroup;
			children = (
				751715B529E09BAF00D95475 /* MainInfoCollectionViewCell.swift */,
				751715B829E09BE000D95475 /* CastAndCrewCollectionViewCell.swift */,
			);
			path = Cells;
			sourceTree = "<group>";
		};
		751715BC29E0A23F00D95475 /* MovieDetails */ = {
			isa = PBXGroup;
			children = (
				751715BD29E0A2B400D95475 /* MainInfo.swift */,
				751715BF29E0A2E900D95475 /* CastAndCrewInfo.swift */,
			);
			path = MovieDetails;
			sourceTree = "<group>";
		};
		751715C129E0A4F900D95475 /* MovieDetail */ = {
			isa = PBXGroup;
			children = (
				751715C229E0A53000D95475 /* MovieDetailViewController.swift */,
			);
			path = MovieDetail;
			sourceTree = "<group>";
		};
		752F18F129E5A88800B020E2 /* Networking */ = {
			isa = PBXGroup;
			children = (
				752F18F229E5A8B300B020E2 /* APICaller.swift */,
				752F18F429E5A8EF00B020E2 /* APIModel.swift */,
				752F18F629E5A91100B020E2 /* NetworkConstants.swift */,
			);
			path = Networking;
			sourceTree = "<group>";
		};
		75986DC229D8B8CC00BDECB0 = {
			isa = PBXGroup;
			children = (
				75986DCD29D8B8CC00BDECB0 /* MovieApp */,
				75986DCC29D8B8CC00BDECB0 /* Products */,
				D2DA2B623F439FE719053A09 /* Pods */,
				19E7EFF7ED8ADE40BBE9D85D /* Frameworks */,
			);
			sourceTree = "<group>";
		};
		75986DCC29D8B8CC00BDECB0 /* Products */ = {
			isa = PBXGroup;
			children = (
				75986DCB29D8B8CC00BDECB0 /* MovieApp.app */,
			);
			name = Products;
			sourceTree = "<group>";
		};
		75986DCD29D8B8CC00BDECB0 /* MovieApp */ = {
			isa = PBXGroup;
			children = (
				752F18F129E5A88800B020E2 /* Networking */,
				0C83C14629E19C5C00C4592E /* Helpers */,
				0C83C14329E19BEF00C4592E /* Services */,
				75986DFB29D8DB0D00BDECB0 /* Extensions */,
				75986DE529D8B93200BDECB0 /* Application */,
				75986DE629D8B99400BDECB0 /* SupportingFiles */,
				75986DE829D8B9FC00BDECB0 /* Models */,
				75986DEA29D8BA2400BDECB0 /* Views */,
				75986DE929D8BA0A00BDECB0 /* Controllers */,
				75986DF129D8CC2700BDECB0 /* Constants.swift */,
			);
			path = MovieApp;
			sourceTree = "<group>";
		};
		75986DE529D8B93200BDECB0 /* Application */ = {
			isa = PBXGroup;
			children = (
				75986DCE29D8B8CC00BDECB0 /* AppDelegate.swift */,
				75986DD029D8B8CC00BDECB0 /* SceneDelegate.swift */,
			);
			path = Application;
			sourceTree = "<group>";
		};
		75986DE629D8B99400BDECB0 /* SupportingFiles */ = {
			isa = PBXGroup;
			children = (
				0C83C14E29E1A6E300C4592E /* GoogleService-Info.plist */,
				0C83C11F29DAE1A900C4592E /* Fonts */,
				75986DFE29D8E07B00BDECB0 /* Assets.xcassets */,
				75986DDC29D8B8CD00BDECB0 /* LaunchScreen.storyboard */,
				75986DDF29D8B8CD00BDECB0 /* Info.plist */,
			);
			path = SupportingFiles;
			sourceTree = "<group>";
		};
		75986DE729D8B9F300BDECB0 /* DataModel */ = {
			isa = PBXGroup;
			children = (
				75986DD729D8B8CC00BDECB0 /* MovieApp.xcdatamodeld */,
			);
			path = DataModel;
			sourceTree = "<group>";
		};
		75986DE829D8B9FC00BDECB0 /* Models */ = {
			isa = PBXGroup;
			children = (
				751715BC29E0A23F00D95475 /* MovieDetails */,
				75986DE729D8B9F300BDECB0 /* DataModel */,
				2CD7DD4929E81F3D00E80514 /* Enums.swift */,
				757D2EE829E9DAA500761289 /* AllMovies.swift */,
				0CE1680F29EBC0660021D593 /* UserModel.swift */,
				0CE1681329EBC3000021D593 /* MovieModel.swift */,
			);
			path = Models;
			sourceTree = "<group>";
		};
		75986DE929D8BA0A00BDECB0 /* Controllers */ = {
			isa = PBXGroup;
			children = (
				00D9A1DF29E6CB6500EE9A24 /* EditProfileScreen */,
				D000C83D29DEC751009486B7 /* MainScreen */,
				751715C129E0A4F900D95475 /* MovieDetail */,
				0C83C11129DABA1F00C4592E /* MainRegistration */,
				75986DD229D8B8CC00BDECB0 /* SearchViewController.swift */,
				75986DEB29D8CA4E00BDECB0 /* TabBarViewController.swift */,
				75986DEF29D8CBD900BDECB0 /* NavigationBarController.swift */,
				75986DF329D8D0E400BDECB0 /* RecentViewController.swift */,
				75986DF729D8D13100BDECB0 /* FavorivesViewController.swift */,
				75986DF929D8D15B00BDECB0 /* SettingViewController.swift */,
			);
			path = Controllers;
			sourceTree = "<group>";
		};
		75986DEA29D8BA2400BDECB0 /* Views */ = {
			isa = PBXGroup;
			children = (
				00D9A1D329E69B7100EE9A24 /* EditProfileScreen */,
				2C92CEA429DF55FB00B3B9A7 /* Cells */,
				D000C83E29DEC8B3009486B7 /* MainScreenViews */,
				751715B229E0985900D95475 /* MovieDetailScreen */,
				EE73434E29E47A08006B6B3D /* SettingScreen */,
			);
			path = Views;
			sourceTree = "<group>";
		};
		75986DFB29D8DB0D00BDECB0 /* Extensions */ = {
			isa = PBXGroup;
			children = (
				0C83C12D29DAF53400C4592E /* Elements */,
				75986DFC29D8DB2D00BDECB0 /* UIColor + ext.swift */,
				0C83C11429DABF4400C4592E /* UILabel + Extension.swift */,
				0C83C11629DABFAD00C4592E /* UIFont + Extension.swift */,
				0C83C11829DAC09300C4592E /* UIButton + Extension.swift */,
				0C83C11A29DAC1CE00C4592E /* UIImageView + Extension.swift */,
				0C83C11C29DAD6EC00C4592E /* UIView + Extension.swift */,
				0C83C12A29DAEEB900C4592E /* UITextField + Extension.swift */,
				0C83C13629DB3EED00C4592E /* UIViewController + Extension.swift */,
				00331B1629EB01E800687079 /* UIImage + Extension.swift */,
			);
			path = Extensions;
			sourceTree = "<group>";
		};
		D000C83D29DEC751009486B7 /* MainScreen */ = {
			isa = PBXGroup;
			children = (
				75986DF529D8D0F900BDECB0 /* HomeViewController.swift */,
				75FAEDE529F03A7F002089FC /* HomePageViewController.swift */,
			);
			path = MainScreen;
			sourceTree = "<group>";
		};
		D000C83E29DEC8B3009486B7 /* MainScreenViews */ = {
			isa = PBXGroup;
			children = (
				D000C83F29DEC8FB009486B7 /* MovieCardsCollectionView.swift */,
				D000C84129DEC928009486B7 /* MovieCardsCell.swift */,
				D056719C29E015AB002C2449 /* CategoryCollectionView.swift */,
				D056719E29E01629002C2449 /* CategoriesCell.swift */,
				D0965C4829E1AB9D00CFDA35 /* MoviesTableView.swift */,
				D0965C4A29E1AC8800CFDA35 /* MoviesCellView.swift */,
				7533B0EA29EB30170064FEF3 /* MovieCardsCarusel.swift */,
				75FAEDE729F05AFD002089FC /* AllMoviesViewCell.swift */,
			);
			path = MainScreenViews;
			sourceTree = "<group>";
		};
		D2DA2B623F439FE719053A09 /* Pods */ = {
			isa = PBXGroup;
			children = (
				C5877A02D5A44F2AB13CB714 /* Pods-MovieApp.debug.xcconfig */,
				65789FE37171535124E2449F /* Pods-MovieApp.release.xcconfig */,
			);
			path = Pods;
			sourceTree = "<group>";
		};
		EE73434E29E47A08006B6B3D /* SettingScreen */ = {
			isa = PBXGroup;
			children = (
				EE73434A29E479C5006B6B3D /* SettingHeaderTableViewCell.swift */,
				EE73434C29E479ED006B6B3D /* SettingTableViewCell.swift */,
			);
			path = SettingScreen;
			sourceTree = "<group>";
		};
/* End PBXGroup section */

/* Begin PBXNativeTarget section */
		75986DCA29D8B8CC00BDECB0 /* MovieApp */ = {
			isa = PBXNativeTarget;
			buildConfigurationList = 75986DE229D8B8CD00BDECB0 /* Build configuration list for PBXNativeTarget "MovieApp" */;
			buildPhases = (
				3D7FA8CF61E67B39C955C3C7 /* [CP] Check Pods Manifest.lock */,
				3AC22C5F29DCB37300F2C188 /* ShellScript */,
				75986DC729D8B8CC00BDECB0 /* Sources */,
				75986DC829D8B8CC00BDECB0 /* Frameworks */,
				75986DC929D8B8CC00BDECB0 /* Resources */,
			);
			buildRules = (
			);
			dependencies = (
			);
			name = MovieApp;
			packageProductDependencies = (
				0CC0448B29ED9A0B00F6FD3E /* GoogleSignIn */,
				0CC0448D29ED9A0B00F6FD3E /* GoogleSignInSwift */,
				0CC0449029ED9B9000F6FD3E /* FirebaseAuth */,
				0CC0449329ED9C2E00F6FD3E /* SDWebImage */,
			);
			productName = MovieApp;
			productReference = 75986DCB29D8B8CC00BDECB0 /* MovieApp.app */;
			productType = "com.apple.product-type.application";
		};
/* End PBXNativeTarget section */

/* Begin PBXProject section */
		75986DC329D8B8CC00BDECB0 /* Project object */ = {
			isa = PBXProject;
			attributes = {
				BuildIndependentTargetsInParallel = 1;
				LastSwiftUpdateCheck = 1410;
				LastUpgradeCheck = 1410;
				TargetAttributes = {
					75986DCA29D8B8CC00BDECB0 = {
						CreatedOnToolsVersion = 14.1;
					};
				};
			};
			buildConfigurationList = 75986DC629D8B8CC00BDECB0 /* Build configuration list for PBXProject "MovieApp" */;
			compatibilityVersion = "Xcode 14.0";
			developmentRegion = en;
			hasScannedForEncodings = 0;
			knownRegions = (
				en,
				Base,
			);
			mainGroup = 75986DC229D8B8CC00BDECB0;
			packageReferences = (
				0CC0448A29ED9A0B00F6FD3E /* XCRemoteSwiftPackageReference "GoogleSignIn-iOS" */,
				0CC0448F29ED9B9000F6FD3E /* XCRemoteSwiftPackageReference "firebase-ios-sdk" */,
				0CC0449229ED9C2E00F6FD3E /* XCRemoteSwiftPackageReference "SDWebImage" */,
			);
			productRefGroup = 75986DCC29D8B8CC00BDECB0 /* Products */;
			projectDirPath = "";
			projectRoot = "";
			targets = (
				75986DCA29D8B8CC00BDECB0 /* MovieApp */,
			);
		};
/* End PBXProject section */

/* Begin PBXResourcesBuildPhase section */
		75986DC929D8B8CC00BDECB0 /* Resources */ = {
			isa = PBXResourcesBuildPhase;
			buildActionMask = 2147483647;
			files = (
				0C83C14F29E1A6E300C4592E /* GoogleService-Info.plist in Resources */,
				0C83C12129DAE1C600C4592E /* PlusJakartaSans-Bold.ttf in Resources */,
				0C83C12829DAE23700C4592E /* PlusJakartaSans-Regular.ttf in Resources */,
				0C83C12929DAE23700C4592E /* PlusJakartaSans-Light.ttf in Resources */,
				0C83C12729DAE23700C4592E /* PlusJakartaSans-Italic.ttf in Resources */,
				751715CB29E0BD2900D95475 /* PlusJakartaSans-SemiBold.ttf in Resources */,
				0C83C11E29DADF3900C4592E /* Assets.xcassets in Resources */,
				75986DDE29D8B8CD00BDECB0 /* LaunchScreen.storyboard in Resources */,
				751715C929E0B9C200D95475 /* Montserrat-Medium.ttf in Resources */,
				0C83C12629DAE23700C4592E /* PlusJakartaSans-Medium.ttf in Resources */,
			);
			runOnlyForDeploymentPostprocessing = 0;
		};
/* End PBXResourcesBuildPhase section */

/* Begin PBXShellScriptBuildPhase section */
		3AC22C5F29DCB37300F2C188 /* ShellScript */ = {
			isa = PBXShellScriptBuildPhase;
			alwaysOutOfDate = 1;
			buildActionMask = 2147483647;
			files = (
			);
			inputFileListPaths = (
			);
			inputPaths = (
			);
			outputFileListPaths = (
			);
			outputPaths = (
			);
			runOnlyForDeploymentPostprocessing = 0;
			shellPath = /bin/sh;
			shellScript = "\"${PODS_ROOT}/SwiftLint/swiftlint\"\n";
		};
		3D7FA8CF61E67B39C955C3C7 /* [CP] Check Pods Manifest.lock */ = {
			isa = PBXShellScriptBuildPhase;
			buildActionMask = 2147483647;
			files = (
			);
			inputFileListPaths = (
			);
			inputPaths = (
				"${PODS_PODFILE_DIR_PATH}/Podfile.lock",
				"${PODS_ROOT}/Manifest.lock",
			);
			name = "[CP] Check Pods Manifest.lock";
			outputFileListPaths = (
			);
			outputPaths = (
				"$(DERIVED_FILE_DIR)/Pods-MovieApp-checkManifestLockResult.txt",
			);
			runOnlyForDeploymentPostprocessing = 0;
			shellPath = /bin/sh;
			shellScript = "diff \"${PODS_PODFILE_DIR_PATH}/Podfile.lock\" \"${PODS_ROOT}/Manifest.lock\" > /dev/null\nif [ $? != 0 ] ; then\n    # print error to STDERR\n    echo \"error: The sandbox is not in sync with the Podfile.lock. Run 'pod install' or update your CocoaPods installation.\" >&2\n    exit 1\nfi\n# This output is used by Xcode 'outputs' to avoid re-running this script phase.\necho \"SUCCESS\" > \"${SCRIPT_OUTPUT_FILE_0}\"\n";
			showEnvVarsInLog = 0;
		};
/* End PBXShellScriptBuildPhase section */

/* Begin PBXSourcesBuildPhase section */
		75986DC729D8B8CC00BDECB0 /* Sources */ = {
			isa = PBXSourcesBuildPhase;
			buildActionMask = 2147483647;
			files = (
				0C83C13329DB1C1C00C4592E /* DividerView.swift in Sources */,
				0C83C13129DAF82A00C4592E /* LoginViewController.swift in Sources */,
				EE73434B29E479C5006B6B3D /* SettingHeaderTableViewCell.swift in Sources */,
				0C83C12F29DAF55500C4592E /* InputWithButton.swift in Sources */,
				752F18F529E5A8EF00B020E2 /* APIModel.swift in Sources */,
				0C83C11729DABFAD00C4592E /* UIFont + Extension.swift in Sources */,
				00D9A1E429E6F51400EE9A24 /* ChangePhotoView.swift in Sources */,
				00D9A1DC29E69CF500EE9A24 /* CircularCheckmark.swift in Sources */,
				0C83C11B29DAC1CE00C4592E /* UIImageView + Extension.swift in Sources */,
				00D9A1DA29E69C8000EE9A24 /* CheckboxView.swift in Sources */,
				75986DD329D8B8CC00BDECB0 /* SearchViewController.swift in Sources */,
				75FAEDE829F05AFD002089FC /* AllMoviesViewCell.swift in Sources */,
				752F18F929E5AC8B00B020E2 /* ExpandableLabel.swift in Sources */,
				751715C029E0A2E900D95475 /* CastAndCrewInfo.swift in Sources */,
				75986DFA29D8D15B00BDECB0 /* SettingViewController.swift in Sources */,
				751715BB29E09C5C00D95475 /* MainInfoStackView.swift in Sources */,
				75986DF029D8CBD900BDECB0 /* NavigationBarController.swift in Sources */,
				2C92CEA629DF563300B3B9A7 /* RecentTableViewCell.swift in Sources */,
				D056719D29E015AB002C2449 /* CategoryCollectionView.swift in Sources */,
				0C83C16329EB2C8100C4592E /* CoreDataService.swift in Sources */,
				75986DFD29D8DB2D00BDECB0 /* UIColor + ext.swift in Sources */,
				75FAEDE629F03A7F002089FC /* HomePageViewController.swift in Sources */,
				751715B629E09BAF00D95475 /* MainInfoCollectionViewCell.swift in Sources */,
				751715C329E0A53000D95475 /* MovieDetailViewController.swift in Sources */,
				0C83C13B29DC6B1500C4592E /* SecondLoginViewController.swift in Sources */,
				752F18F329E5A8B300B020E2 /* APICaller.swift in Sources */,
				75986DF829D8D13100BDECB0 /* FavorivesViewController.swift in Sources */,
				0C83C13729DB3EED00C4592E /* UIViewController + Extension.swift in Sources */,
				00331B1729EB01E800687079 /* UIImage + Extension.swift in Sources */,
				75986DCF29D8B8CC00BDECB0 /* AppDelegate.swift in Sources */,
				0C83C11D29DAD6EC00C4592E /* UIView + Extension.swift in Sources */,
				0C83C12B29DAEEB900C4592E /* UITextField + Extension.swift in Sources */,
				751715B929E09BE000D95475 /* CastAndCrewCollectionViewCell.swift in Sources */,
				D056719F29E01629002C2449 /* CategoriesCell.swift in Sources */,
				751715B929E09BE000D95475 /* CastAndCrewCollectionViewCell.swift in Sources */,
				0CE1681429EBC3000021D593 /* MovieModel.swift in Sources */,
				0C83C11929DAC09300C4592E /* UIButton + Extension.swift in Sources */,
				0C83C14529E19C2000C4592E /* AuthService.swift in Sources */,
				0C83C11329DABAF600C4592E /* SplashViewController.swift in Sources */,
				EE73434D29E479ED006B6B3D /* SettingTableViewCell.swift in Sources */,
				00D9A1E129E6CB8400EE9A24 /* EditProfileViewController.swift in Sources */,
				0CE1681229EBC2420021D593 /* UserDataSource.swift in Sources */,
				757D2EE929E9DAA500761289 /* AllMovies.swift in Sources */,
				751715BE29E0A2B400D95475 /* MainInfo.swift in Sources */,
				D000C84029DEC8FB009486B7 /* MovieCardsCollectionView.swift in Sources */,
				751715BE29E0A2B400D95475 /* MainInfo.swift in Sources */,
				75986DD929D8B8CC00BDECB0 /* MovieApp.xcdatamodeld in Sources */,
				752F18F729E5A91100B020E2 /* NetworkConstants.swift in Sources */,
				7533B0EB29EB30170064FEF3 /* MovieCardsCarusel.swift in Sources */,
				0CE1681029EBC0660021D593 /* UserModel.swift in Sources */,
				0C83C15F29E9B37C00C4592E /* Theme.swift in Sources */,
				D000C84229DEC928009486B7 /* MovieCardsCell.swift in Sources */,
				D0965C4B29E1AC8800CFDA35 /* MoviesCellView.swift in Sources */,
				75986DF229D8CC2700BDECB0 /* Constants.swift in Sources */,
				0C83C14829E19C7600C4592E /* Validators.swift in Sources */,
				00D9A1D529E69B9F00EE9A24 /* EditProfileView.swift in Sources */,
				2CD7DD4A29E81F3D00E80514 /* Enums.swift in Sources */,
				75986DF629D8D0F900BDECB0 /* HomeViewController.swift in Sources */,
				D0965C4929E1AB9D00CFDA35 /* MoviesTableView.swift in Sources */,
				0C83C16129E9B38A00C4592E /* Persist.swift in Sources */,
				0C83C11529DABF4400C4592E /* UILabel + Extension.swift in Sources */,
				75986DF429D8D0E400BDECB0 /* RecentViewController.swift in Sources */,
				751715C529E0A7E500D95475 /* InfoStack.swift in Sources */,
				75986DEC29D8CA4E00BDECB0 /* TabBarViewController.swift in Sources */,
				0C83C13529DB3BC500C4592E /* SignInViewController.swift in Sources */,
				75986DD129D8B8CC00BDECB0 /* SceneDelegate.swift in Sources */,
				00D9A1DE29E69D3900EE9A24 /* TextView.swift in Sources */,
				00D9A1D829E69C2600EE9A24 /* AvatarView.swift in Sources */,
				0C83C14A29E19C9F00C4592E /* AuthError.swift in Sources */,
			);
			runOnlyForDeploymentPostprocessing = 0;
		};
/* End PBXSourcesBuildPhase section */

/* Begin PBXVariantGroup section */
		75986DDC29D8B8CD00BDECB0 /* LaunchScreen.storyboard */ = {
			isa = PBXVariantGroup;
			children = (
				75986DDD29D8B8CD00BDECB0 /* Base */,
			);
			name = LaunchScreen.storyboard;
			sourceTree = "<group>";
		};
/* End PBXVariantGroup section */

/* Begin XCBuildConfiguration section */
		75986DE029D8B8CD00BDECB0 /* Debug */ = {
			isa = XCBuildConfiguration;
			buildSettings = {
				ALWAYS_SEARCH_USER_PATHS = NO;
				CLANG_ANALYZER_NONNULL = YES;
				CLANG_ANALYZER_NUMBER_OBJECT_CONVERSION = YES_AGGRESSIVE;
				CLANG_CXX_LANGUAGE_STANDARD = "gnu++20";
				CLANG_ENABLE_MODULES = YES;
				CLANG_ENABLE_OBJC_ARC = YES;
				CLANG_ENABLE_OBJC_WEAK = YES;
				CLANG_WARN_BLOCK_CAPTURE_AUTORELEASING = YES;
				CLANG_WARN_BOOL_CONVERSION = YES;
				CLANG_WARN_COMMA = YES;
				CLANG_WARN_CONSTANT_CONVERSION = YES;
				CLANG_WARN_DEPRECATED_OBJC_IMPLEMENTATIONS = YES;
				CLANG_WARN_DIRECT_OBJC_ISA_USAGE = YES_ERROR;
				CLANG_WARN_DOCUMENTATION_COMMENTS = YES;
				CLANG_WARN_EMPTY_BODY = YES;
				CLANG_WARN_ENUM_CONVERSION = YES;
				CLANG_WARN_INFINITE_RECURSION = YES;
				CLANG_WARN_INT_CONVERSION = YES;
				CLANG_WARN_NON_LITERAL_NULL_CONVERSION = YES;
				CLANG_WARN_OBJC_IMPLICIT_RETAIN_SELF = YES;
				CLANG_WARN_OBJC_LITERAL_CONVERSION = YES;
				CLANG_WARN_OBJC_ROOT_CLASS = YES_ERROR;
				CLANG_WARN_QUOTED_INCLUDE_IN_FRAMEWORK_HEADER = YES;
				CLANG_WARN_RANGE_LOOP_ANALYSIS = YES;
				CLANG_WARN_STRICT_PROTOTYPES = YES;
				CLANG_WARN_SUSPICIOUS_MOVE = YES;
				CLANG_WARN_UNGUARDED_AVAILABILITY = YES_AGGRESSIVE;
				CLANG_WARN_UNREACHABLE_CODE = YES;
				CLANG_WARN__DUPLICATE_METHOD_MATCH = YES;
				COPY_PHASE_STRIP = NO;
				DEBUG_INFORMATION_FORMAT = dwarf;
				ENABLE_STRICT_OBJC_MSGSEND = YES;
				ENABLE_TESTABILITY = YES;
				GCC_C_LANGUAGE_STANDARD = gnu11;
				GCC_DYNAMIC_NO_PIC = NO;
				GCC_NO_COMMON_BLOCKS = YES;
				GCC_OPTIMIZATION_LEVEL = 0;
				GCC_PREPROCESSOR_DEFINITIONS = (
					"DEBUG=1",
					"$(inherited)",
				);
				GCC_WARN_64_TO_32_BIT_CONVERSION = YES;
				GCC_WARN_ABOUT_RETURN_TYPE = YES_ERROR;
				GCC_WARN_UNDECLARED_SELECTOR = YES;
				GCC_WARN_UNINITIALIZED_AUTOS = YES_AGGRESSIVE;
				GCC_WARN_UNUSED_FUNCTION = YES;
				GCC_WARN_UNUSED_VARIABLE = YES;
				IPHONEOS_DEPLOYMENT_TARGET = 16.1;
				MTL_ENABLE_DEBUG_INFO = INCLUDE_SOURCE;
				MTL_FAST_MATH = YES;
				ONLY_ACTIVE_ARCH = YES;
				SDKROOT = iphoneos;
				SWIFT_ACTIVE_COMPILATION_CONDITIONS = DEBUG;
				SWIFT_OPTIMIZATION_LEVEL = "-Onone";
			};
			name = Debug;
		};
		75986DE129D8B8CD00BDECB0 /* Release */ = {
			isa = XCBuildConfiguration;
			buildSettings = {
				ALWAYS_SEARCH_USER_PATHS = NO;
				CLANG_ANALYZER_NONNULL = YES;
				CLANG_ANALYZER_NUMBER_OBJECT_CONVERSION = YES_AGGRESSIVE;
				CLANG_CXX_LANGUAGE_STANDARD = "gnu++20";
				CLANG_ENABLE_MODULES = YES;
				CLANG_ENABLE_OBJC_ARC = YES;
				CLANG_ENABLE_OBJC_WEAK = YES;
				CLANG_WARN_BLOCK_CAPTURE_AUTORELEASING = YES;
				CLANG_WARN_BOOL_CONVERSION = YES;
				CLANG_WARN_COMMA = YES;
				CLANG_WARN_CONSTANT_CONVERSION = YES;
				CLANG_WARN_DEPRECATED_OBJC_IMPLEMENTATIONS = YES;
				CLANG_WARN_DIRECT_OBJC_ISA_USAGE = YES_ERROR;
				CLANG_WARN_DOCUMENTATION_COMMENTS = YES;
				CLANG_WARN_EMPTY_BODY = YES;
				CLANG_WARN_ENUM_CONVERSION = YES;
				CLANG_WARN_INFINITE_RECURSION = YES;
				CLANG_WARN_INT_CONVERSION = YES;
				CLANG_WARN_NON_LITERAL_NULL_CONVERSION = YES;
				CLANG_WARN_OBJC_IMPLICIT_RETAIN_SELF = YES;
				CLANG_WARN_OBJC_LITERAL_CONVERSION = YES;
				CLANG_WARN_OBJC_ROOT_CLASS = YES_ERROR;
				CLANG_WARN_QUOTED_INCLUDE_IN_FRAMEWORK_HEADER = YES;
				CLANG_WARN_RANGE_LOOP_ANALYSIS = YES;
				CLANG_WARN_STRICT_PROTOTYPES = YES;
				CLANG_WARN_SUSPICIOUS_MOVE = YES;
				CLANG_WARN_UNGUARDED_AVAILABILITY = YES_AGGRESSIVE;
				CLANG_WARN_UNREACHABLE_CODE = YES;
				CLANG_WARN__DUPLICATE_METHOD_MATCH = YES;
				COPY_PHASE_STRIP = NO;
				DEBUG_INFORMATION_FORMAT = "dwarf-with-dsym";
				ENABLE_NS_ASSERTIONS = NO;
				ENABLE_STRICT_OBJC_MSGSEND = YES;
				GCC_C_LANGUAGE_STANDARD = gnu11;
				GCC_NO_COMMON_BLOCKS = YES;
				GCC_WARN_64_TO_32_BIT_CONVERSION = YES;
				GCC_WARN_ABOUT_RETURN_TYPE = YES_ERROR;
				GCC_WARN_UNDECLARED_SELECTOR = YES;
				GCC_WARN_UNINITIALIZED_AUTOS = YES_AGGRESSIVE;
				GCC_WARN_UNUSED_FUNCTION = YES;
				GCC_WARN_UNUSED_VARIABLE = YES;
				IPHONEOS_DEPLOYMENT_TARGET = 16.1;
				MTL_ENABLE_DEBUG_INFO = NO;
				MTL_FAST_MATH = YES;
				SDKROOT = iphoneos;
				SWIFT_COMPILATION_MODE = wholemodule;
				SWIFT_OPTIMIZATION_LEVEL = "-O";
				VALIDATE_PRODUCT = YES;
			};
			name = Release;
		};
		75986DE329D8B8CD00BDECB0 /* Debug */ = {
			isa = XCBuildConfiguration;
			baseConfigurationReference = C5877A02D5A44F2AB13CB714 /* Pods-MovieApp.debug.xcconfig */;
			buildSettings = {
				ASSETCATALOG_COMPILER_APPICON_NAME = AppIcon;
				ASSETCATALOG_COMPILER_GLOBAL_ACCENT_COLOR_NAME = AccentColor;
				CODE_SIGN_STYLE = Automatic;
				CURRENT_PROJECT_VERSION = 1;
				DEVELOPMENT_TEAM = "";
				GENERATE_INFOPLIST_FILE = YES;
				INFOPLIST_FILE = MovieApp/SupportingFiles/Info.plist;
				INFOPLIST_KEY_UIApplicationSupportsIndirectInputEvents = YES;
				INFOPLIST_KEY_UILaunchStoryboardName = LaunchScreen;
				INFOPLIST_KEY_UISupportedInterfaceOrientations = UIInterfaceOrientationPortrait;
				INFOPLIST_KEY_UISupportedInterfaceOrientations_iPad = "UIInterfaceOrientationLandscapeLeft UIInterfaceOrientationLandscapeRight UIInterfaceOrientationPortrait UIInterfaceOrientationPortraitUpsideDown";
				IPHONEOS_DEPLOYMENT_TARGET = 13.0;
				LD_RUNPATH_SEARCH_PATHS = (
					"$(inherited)",
					"@executable_path/Frameworks",
				);
				MARKETING_VERSION = 1.0;
				PRODUCT_BUNDLE_IDENTIFIER = com.tacarlen.MovieApp;
				PRODUCT_NAME = "$(TARGET_NAME)";
				SUPPORTED_PLATFORMS = "iphoneos iphonesimulator";
				SUPPORTS_MACCATALYST = NO;
				SUPPORTS_MAC_DESIGNED_FOR_IPHONE_IPAD = NO;
				SWIFT_EMIT_LOC_STRINGS = YES;
				SWIFT_VERSION = 5.0;
				TARGETED_DEVICE_FAMILY = 1;
			};
			name = Debug;
		};
		75986DE429D8B8CD00BDECB0 /* Release */ = {
			isa = XCBuildConfiguration;
			baseConfigurationReference = 65789FE37171535124E2449F /* Pods-MovieApp.release.xcconfig */;
			buildSettings = {
				ASSETCATALOG_COMPILER_APPICON_NAME = AppIcon;
				ASSETCATALOG_COMPILER_GLOBAL_ACCENT_COLOR_NAME = AccentColor;
				CODE_SIGN_STYLE = Automatic;
				CURRENT_PROJECT_VERSION = 1;
				DEVELOPMENT_TEAM = "";
				GENERATE_INFOPLIST_FILE = YES;
				INFOPLIST_FILE = MovieApp/SupportingFiles/Info.plist;
				INFOPLIST_KEY_UIApplicationSupportsIndirectInputEvents = YES;
				INFOPLIST_KEY_UILaunchStoryboardName = LaunchScreen;
				INFOPLIST_KEY_UISupportedInterfaceOrientations = UIInterfaceOrientationPortrait;
				INFOPLIST_KEY_UISupportedInterfaceOrientations_iPad = "UIInterfaceOrientationLandscapeLeft UIInterfaceOrientationLandscapeRight UIInterfaceOrientationPortrait UIInterfaceOrientationPortraitUpsideDown";
				IPHONEOS_DEPLOYMENT_TARGET = 13.0;
				LD_RUNPATH_SEARCH_PATHS = (
					"$(inherited)",
					"@executable_path/Frameworks",
				);
				MARKETING_VERSION = 1.0;
				PRODUCT_BUNDLE_IDENTIFIER = com.tacarlen.MovieApp;
				PRODUCT_NAME = "$(TARGET_NAME)";
				SUPPORTED_PLATFORMS = "iphoneos iphonesimulator";
				SUPPORTS_MACCATALYST = NO;
				SUPPORTS_MAC_DESIGNED_FOR_IPHONE_IPAD = NO;
				SWIFT_EMIT_LOC_STRINGS = YES;
				SWIFT_VERSION = 5.0;
				TARGETED_DEVICE_FAMILY = 1;
			};
			name = Release;
		};
/* End XCBuildConfiguration section */

/* Begin XCConfigurationList section */
		75986DC629D8B8CC00BDECB0 /* Build configuration list for PBXProject "MovieApp" */ = {
			isa = XCConfigurationList;
			buildConfigurations = (
				75986DE029D8B8CD00BDECB0 /* Debug */,
				75986DE129D8B8CD00BDECB0 /* Release */,
			);
			defaultConfigurationIsVisible = 0;
			defaultConfigurationName = Release;
		};
		75986DE229D8B8CD00BDECB0 /* Build configuration list for PBXNativeTarget "MovieApp" */ = {
			isa = XCConfigurationList;
			buildConfigurations = (
				75986DE329D8B8CD00BDECB0 /* Debug */,
				75986DE429D8B8CD00BDECB0 /* Release */,
			);
			defaultConfigurationIsVisible = 0;
			defaultConfigurationName = Release;
		};
/* End XCConfigurationList section */

/* Begin XCRemoteSwiftPackageReference section */
		0CC0448A29ED9A0B00F6FD3E /* XCRemoteSwiftPackageReference "GoogleSignIn-iOS" */ = {
			isa = XCRemoteSwiftPackageReference;
			repositoryURL = "https://github.com/google/GoogleSignIn-iOS";
			requirement = {
				branch = main;
				kind = branch;
			};
		};
		0CC0448F29ED9B9000F6FD3E /* XCRemoteSwiftPackageReference "firebase-ios-sdk" */ = {
			isa = XCRemoteSwiftPackageReference;
			repositoryURL = "https://github.com/firebase/firebase-ios-sdk";
			requirement = {
				branch = master;
				kind = branch;
			};
		};
		0CC0449229ED9C2E00F6FD3E /* XCRemoteSwiftPackageReference "SDWebImage" */ = {
			isa = XCRemoteSwiftPackageReference;
			repositoryURL = "https://github.com/SDWebImage/SDWebImage";
			requirement = {
				kind = upToNextMajorVersion;
				minimumVersion = 5.0.0;
			};
		};
/* End XCRemoteSwiftPackageReference section */

/* Begin XCSwiftPackageProductDependency section */
		0CC0448B29ED9A0B00F6FD3E /* GoogleSignIn */ = {
			isa = XCSwiftPackageProductDependency;
			package = 0CC0448A29ED9A0B00F6FD3E /* XCRemoteSwiftPackageReference "GoogleSignIn-iOS" */;
			productName = GoogleSignIn;
		};
		0CC0448D29ED9A0B00F6FD3E /* GoogleSignInSwift */ = {
			isa = XCSwiftPackageProductDependency;
			package = 0CC0448A29ED9A0B00F6FD3E /* XCRemoteSwiftPackageReference "GoogleSignIn-iOS" */;
			productName = GoogleSignInSwift;
		};
		0CC0449029ED9B9000F6FD3E /* FirebaseAuth */ = {
			isa = XCSwiftPackageProductDependency;
			package = 0CC0448F29ED9B9000F6FD3E /* XCRemoteSwiftPackageReference "firebase-ios-sdk" */;
			productName = FirebaseAuth;
		};
		0CC0449329ED9C2E00F6FD3E /* SDWebImage */ = {
			isa = XCSwiftPackageProductDependency;
			package = 0CC0449229ED9C2E00F6FD3E /* XCRemoteSwiftPackageReference "SDWebImage" */;
			productName = SDWebImage;
		};
/* End XCSwiftPackageProductDependency section */

/* Begin XCVersionGroup section */
		75986DD729D8B8CC00BDECB0 /* MovieApp.xcdatamodeld */ = {
			isa = XCVersionGroup;
			children = (
				75986DD829D8B8CC00BDECB0 /* MovieApp.xcdatamodel */,
			);
			currentVersion = 75986DD829D8B8CC00BDECB0 /* MovieApp.xcdatamodel */;
			path = MovieApp.xcdatamodeld;
			sourceTree = "<group>";
			versionGroupType = wrapper.xcdatamodel;
		};
/* End XCVersionGroup section */
	};
	rootObject = 75986DC329D8B8CC00BDECB0 /* Project object */;
}
