// !$*UTF8*$!
{
	archiveVersion = 1;
	classes = {
	};
	objectVersion = 56;
	objects = {

/* Begin PBXBuildFile section */
		75986DCF29D8B8CC00BDECB0 /* AppDelegate.swift in Sources */ = {isa = PBXBuildFile; fileRef = 75986DCE29D8B8CC00BDECB0 /* AppDelegate.swift */; };
		75986DD129D8B8CC00BDECB0 /* SceneDelegate.swift in Sources */ = {isa = PBXBuildFile; fileRef = 75986DD029D8B8CC00BDECB0 /* SceneDelegate.swift */; };
		75986DD329D8B8CC00BDECB0 /* SearchViewController.swift in Sources */ = {isa = PBXBuildFile; fileRef = 75986DD229D8B8CC00BDECB0 /* SearchViewController.swift */; };
		75986DD929D8B8CC00BDECB0 /* MovieApp.xcdatamodeld in Sources */ = {isa = PBXBuildFile; fileRef = 75986DD729D8B8CC00BDECB0 /* MovieApp.xcdatamodeld */; };
		75986DDE29D8B8CD00BDECB0 /* LaunchScreen.storyboard in Resources */ = {isa = PBXBuildFile; fileRef = 75986DDC29D8B8CD00BDECB0 /* LaunchScreen.storyboard */; };
		75986DEC29D8CA4E00BDECB0 /* TabBarViewController.swift in Sources */ = {isa = PBXBuildFile; fileRef = 75986DEB29D8CA4E00BDECB0 /* TabBarViewController.swift */; };
		75986DF029D8CBD900BDECB0 /* NavigationBarController.swift in Sources */ = {isa = PBXBuildFile; fileRef = 75986DEF29D8CBD900BDECB0 /* NavigationBarController.swift */; };
		75986DF229D8CC2700BDECB0 /* Constants.swift in Sources */ = {isa = PBXBuildFile; fileRef = 75986DF129D8CC2700BDECB0 /* Constants.swift */; };
		75986DF429D8D0E400BDECB0 /* RecentViewController.swift in Sources */ = {isa = PBXBuildFile; fileRef = 75986DF329D8D0E400BDECB0 /* RecentViewController.swift */; };
		75986DF629D8D0F900BDECB0 /* HomeViewController.swift in Sources */ = {isa = PBXBuildFile; fileRef = 75986DF529D8D0F900BDECB0 /* HomeViewController.swift */; };
		75986DF829D8D13100BDECB0 /* FavorivesViewController.swift in Sources */ = {isa = PBXBuildFile; fileRef = 75986DF729D8D13100BDECB0 /* FavorivesViewController.swift */; };
		75986DFA29D8D15B00BDECB0 /* SettingViewController.swift in Sources */ = {isa = PBXBuildFile; fileRef = 75986DF929D8D15B00BDECB0 /* SettingViewController.swift */; };
		75986DFD29D8DB2D00BDECB0 /* UIColor + ext.swift in Sources */ = {isa = PBXBuildFile; fileRef = 75986DFC29D8DB2D00BDECB0 /* UIColor + ext.swift */; };
		75986DFF29D8E07B00BDECB0 /* Assets.xcassets in Resources */ = {isa = PBXBuildFile; fileRef = 75986DFE29D8E07B00BDECB0 /* Assets.xcassets */; };
/* End PBXBuildFile section */

/* Begin PBXFileReference section */
		75986DCB29D8B8CC00BDECB0 /* MovieApp.app */ = {isa = PBXFileReference; explicitFileType = wrapper.application; includeInIndex = 0; path = MovieApp.app; sourceTree = BUILT_PRODUCTS_DIR; };
		75986DCE29D8B8CC00BDECB0 /* AppDelegate.swift */ = {isa = PBXFileReference; lastKnownFileType = sourcecode.swift; path = AppDelegate.swift; sourceTree = "<group>"; };
		75986DD029D8B8CC00BDECB0 /* SceneDelegate.swift */ = {isa = PBXFileReference; lastKnownFileType = sourcecode.swift; path = SceneDelegate.swift; sourceTree = "<group>"; };
		75986DD229D8B8CC00BDECB0 /* SearchViewController.swift */ = {isa = PBXFileReference; lastKnownFileType = sourcecode.swift; path = SearchViewController.swift; sourceTree = "<group>"; };
		75986DD829D8B8CC00BDECB0 /* MovieApp.xcdatamodel */ = {isa = PBXFileReference; lastKnownFileType = wrapper.xcdatamodel; path = MovieApp.xcdatamodel; sourceTree = "<group>"; };
		75986DDD29D8B8CD00BDECB0 /* Base */ = {isa = PBXFileReference; lastKnownFileType = file.storyboard; name = Base; path = Base.lproj/LaunchScreen.storyboard; sourceTree = "<group>"; };
		75986DDF29D8B8CD00BDECB0 /* Info.plist */ = {isa = PBXFileReference; lastKnownFileType = text.plist.xml; path = Info.plist; sourceTree = "<group>"; };
		75986DEB29D8CA4E00BDECB0 /* TabBarViewController.swift */ = {isa = PBXFileReference; lastKnownFileType = sourcecode.swift; path = TabBarViewController.swift; sourceTree = "<group>"; };
		75986DEF29D8CBD900BDECB0 /* NavigationBarController.swift */ = {isa = PBXFileReference; lastKnownFileType = sourcecode.swift; path = NavigationBarController.swift; sourceTree = "<group>"; };
		75986DF129D8CC2700BDECB0 /* Constants.swift */ = {isa = PBXFileReference; lastKnownFileType = sourcecode.swift; path = Constants.swift; sourceTree = "<group>"; };
		75986DF329D8D0E400BDECB0 /* RecentViewController.swift */ = {isa = PBXFileReference; lastKnownFileType = sourcecode.swift; path = RecentViewController.swift; sourceTree = "<group>"; };
		75986DF529D8D0F900BDECB0 /* HomeViewController.swift */ = {isa = PBXFileReference; lastKnownFileType = sourcecode.swift; path = HomeViewController.swift; sourceTree = "<group>"; };
		75986DF729D8D13100BDECB0 /* FavorivesViewController.swift */ = {isa = PBXFileReference; lastKnownFileType = sourcecode.swift; path = FavorivesViewController.swift; sourceTree = "<group>"; };
		75986DF929D8D15B00BDECB0 /* SettingViewController.swift */ = {isa = PBXFileReference; lastKnownFileType = sourcecode.swift; path = SettingViewController.swift; sourceTree = "<group>"; };
		75986DFC29D8DB2D00BDECB0 /* UIColor + ext.swift */ = {isa = PBXFileReference; lastKnownFileType = sourcecode.swift; path = "UIColor + ext.swift"; sourceTree = "<group>"; };
		75986DFE29D8E07B00BDECB0 /* Assets.xcassets */ = {isa = PBXFileReference; lastKnownFileType = folder.assetcatalog; path = Assets.xcassets; sourceTree = "<group>"; };
/* End PBXFileReference section */

/* Begin PBXFrameworksBuildPhase section */
		75986DC829D8B8CC00BDECB0 /* Frameworks */ = {
			isa = PBXFrameworksBuildPhase;
			buildActionMask = 2147483647;
			files = (
			);
			runOnlyForDeploymentPostprocessing = 0;
		};
/* End PBXFrameworksBuildPhase section */

/* Begin PBXGroup section */
		75986DC229D8B8CC00BDECB0 = {
			isa = PBXGroup;
			children = (
				75986DCD29D8B8CC00BDECB0 /* MovieApp */,
				75986DCC29D8B8CC00BDECB0 /* Products */,
			);
			sourceTree = "<group>";
		};
		75986DCC29D8B8CC00BDECB0 /* Products */ = {
			isa = PBXGroup;
			children = (
				75986DCB29D8B8CC00BDECB0 /* MovieApp.app */,
			);
			name = Products;
			sourceTree = "<group>";
		};
		75986DCD29D8B8CC00BDECB0 /* MovieApp */ = {
			isa = PBXGroup;
			children = (
				75986DFB29D8DB0D00BDECB0 /* Extensions */,
				75986DE529D8B93200BDECB0 /* Application */,
				75986DE629D8B99400BDECB0 /* SupportingFiles */,
				75986DE829D8B9FC00BDECB0 /* Models */,
				75986DEA29D8BA2400BDECB0 /* Views */,
				75986DE929D8BA0A00BDECB0 /* Controllers */,
				75986DF129D8CC2700BDECB0 /* Constants.swift */,
			);
			path = MovieApp;
			sourceTree = "<group>";
		};
		75986DE529D8B93200BDECB0 /* Application */ = {
			isa = PBXGroup;
			children = (
				75986DCE29D8B8CC00BDECB0 /* AppDelegate.swift */,
				75986DD029D8B8CC00BDECB0 /* SceneDelegate.swift */,
			);
			path = Application;
			sourceTree = "<group>";
		};
		75986DE629D8B99400BDECB0 /* SupportingFiles */ = {
			isa = PBXGroup;
			children = (
				75986DFE29D8E07B00BDECB0 /* Assets.xcassets */,
				75986DDC29D8B8CD00BDECB0 /* LaunchScreen.storyboard */,
				75986DDF29D8B8CD00BDECB0 /* Info.plist */,
			);
			path = SupportingFiles;
			sourceTree = "<group>";
		};
		75986DE729D8B9F300BDECB0 /* DataModel */ = {
			isa = PBXGroup;
			children = (
				75986DD729D8B8CC00BDECB0 /* MovieApp.xcdatamodeld */,
			);
			path = DataModel;
			sourceTree = "<group>";
		};
		75986DE829D8B9FC00BDECB0 /* Models */ = {
			isa = PBXGroup;
			children = (
				75986DE729D8B9F300BDECB0 /* DataModel */,
			);
			path = Models;
			sourceTree = "<group>";
		};
		75986DE929D8BA0A00BDECB0 /* Controllers */ = {
			isa = PBXGroup;
			children = (
				75986DD229D8B8CC00BDECB0 /* SearchViewController.swift */,
				75986DEB29D8CA4E00BDECB0 /* TabBarViewController.swift */,
				75986DEF29D8CBD900BDECB0 /* NavigationBarController.swift */,
				75986DF329D8D0E400BDECB0 /* RecentViewController.swift */,
				75986DF529D8D0F900BDECB0 /* HomeViewController.swift */,
				75986DF729D8D13100BDECB0 /* FavorivesViewController.swift */,
				75986DF929D8D15B00BDECB0 /* SettingViewController.swift */,
			);
			path = Controllers;
			sourceTree = "<group>";
		};
		75986DEA29D8BA2400BDECB0 /* Views */ = {
			isa = PBXGroup;
			children = (
			);
			path = Views;
			sourceTree = "<group>";
		};
		75986DFB29D8DB0D00BDECB0 /* Extensions */ = {
			isa = PBXGroup;
			children = (
				75986DFC29D8DB2D00BDECB0 /* UIColor + ext.swift */,
			);
			path = Extensions;
			sourceTree = "<group>";
		};
/* End PBXGroup section */

/* Begin PBXNativeTarget section */
		75986DCA29D8B8CC00BDECB0 /* MovieApp */ = {
			isa = PBXNativeTarget;
			buildConfigurationList = 75986DE229D8B8CD00BDECB0 /* Build configuration list for PBXNativeTarget "MovieApp" */;
			buildPhases = (
				75986DC729D8B8CC00BDECB0 /* Sources */,
				75986DC829D8B8CC00BDECB0 /* Frameworks */,
				75986DC929D8B8CC00BDECB0 /* Resources */,
			);
			buildRules = (
			);
			dependencies = (
			);
			name = MovieApp;
			productName = MovieApp;
			productReference = 75986DCB29D8B8CC00BDECB0 /* MovieApp.app */;
			productType = "com.apple.product-type.application";
		};
/* End PBXNativeTarget section */

/* Begin PBXProject section */
		75986DC329D8B8CC00BDECB0 /* Project object */ = {
			isa = PBXProject;
			attributes = {
				BuildIndependentTargetsInParallel = 1;
				LastSwiftUpdateCheck = 1410;
				LastUpgradeCheck = 1410;
				TargetAttributes = {
					75986DCA29D8B8CC00BDECB0 = {
						CreatedOnToolsVersion = 14.1;
					};
				};
			};
			buildConfigurationList = 75986DC629D8B8CC00BDECB0 /* Build configuration list for PBXProject "MovieApp" */;
			compatibilityVersion = "Xcode 14.0";
			developmentRegion = en;
			hasScannedForEncodings = 0;
			knownRegions = (
				en,
				Base,
			);
			mainGroup = 75986DC229D8B8CC00BDECB0;
			productRefGroup = 75986DCC29D8B8CC00BDECB0 /* Products */;
			projectDirPath = "";
			projectRoot = "";
			targets = (
				75986DCA29D8B8CC00BDECB0 /* MovieApp */,
			);
		};
/* End PBXProject section */

/* Begin PBXResourcesBuildPhase section */
		75986DC929D8B8CC00BDECB0 /* Resources */ = {
			isa = PBXResourcesBuildPhase;
			buildActionMask = 2147483647;
			files = (
				75986DFF29D8E07B00BDECB0 /* Assets.xcassets in Resources */,
				75986DDE29D8B8CD00BDECB0 /* LaunchScreen.storyboard in Resources */,
			);
			runOnlyForDeploymentPostprocessing = 0;
		};
/* End PBXResourcesBuildPhase section */

/* Begin PBXSourcesBuildPhase section */
		75986DC729D8B8CC00BDECB0 /* Sources */ = {
			isa = PBXSourcesBuildPhase;
			buildActionMask = 2147483647;
			files = (
				75986DD329D8B8CC00BDECB0 /* SearchViewController.swift in Sources */,
				75986DFA29D8D15B00BDECB0 /* SettingViewController.swift in Sources */,
				75986DF029D8CBD900BDECB0 /* NavigationBarController.swift in Sources */,
				75986DFD29D8DB2D00BDECB0 /* UIColor + ext.swift in Sources */,
				75986DF829D8D13100BDECB0 /* FavorivesViewController.swift in Sources */,
				75986DCF29D8B8CC00BDECB0 /* AppDelegate.swift in Sources */,
				75986DD929D8B8CC00BDECB0 /* MovieApp.xcdatamodeld in Sources */,
				75986DF229D8CC2700BDECB0 /* Constants.swift in Sources */,
				75986DF629D8D0F900BDECB0 /* HomeViewController.swift in Sources */,
				75986DF429D8D0E400BDECB0 /* RecentViewController.swift in Sources */,
				75986DEC29D8CA4E00BDECB0 /* TabBarViewController.swift in Sources */,
				75986DD129D8B8CC00BDECB0 /* SceneDelegate.swift in Sources */,
			);
			runOnlyForDeploymentPostprocessing = 0;
		};
/* End PBXSourcesBuildPhase section */

/* Begin PBXVariantGroup section */
		75986DDC29D8B8CD00BDECB0 /* LaunchScreen.storyboard */ = {
			isa = PBXVariantGroup;
			children = (
				75986DDD29D8B8CD00BDECB0 /* Base */,
			);
			name = LaunchScreen.storyboard;
			sourceTree = "<group>";
		};
/* End PBXVariantGroup section */

/* Begin XCBuildConfiguration section */
		75986DE029D8B8CD00BDECB0 /* Debug */ = {
			isa = XCBuildConfiguration;
			buildSettings = {
				ALWAYS_SEARCH_USER_PATHS = NO;
				CLANG_ANALYZER_NONNULL = YES;
				CLANG_ANALYZER_NUMBER_OBJECT_CONVERSION = YES_AGGRESSIVE;
				CLANG_CXX_LANGUAGE_STANDARD = "gnu++20";
				CLANG_ENABLE_MODULES = YES;
				CLANG_ENABLE_OBJC_ARC = YES;
				CLANG_ENABLE_OBJC_WEAK = YES;
				CLANG_WARN_BLOCK_CAPTURE_AUTORELEASING = YES;
				CLANG_WARN_BOOL_CONVERSION = YES;
				CLANG_WARN_COMMA = YES;
				CLANG_WARN_CONSTANT_CONVERSION = YES;
				CLANG_WARN_DEPRECATED_OBJC_IMPLEMENTATIONS = YES;
				CLANG_WARN_DIRECT_OBJC_ISA_USAGE = YES_ERROR;
				CLANG_WARN_DOCUMENTATION_COMMENTS = YES;
				CLANG_WARN_EMPTY_BODY = YES;
				CLANG_WARN_ENUM_CONVERSION = YES;
				CLANG_WARN_INFINITE_RECURSION = YES;
				CLANG_WARN_INT_CONVERSION = YES;
				CLANG_WARN_NON_LITERAL_NULL_CONVERSION = YES;
				CLANG_WARN_OBJC_IMPLICIT_RETAIN_SELF = YES;
				CLANG_WARN_OBJC_LITERAL_CONVERSION = YES;
				CLANG_WARN_OBJC_ROOT_CLASS = YES_ERROR;
				CLANG_WARN_QUOTED_INCLUDE_IN_FRAMEWORK_HEADER = YES;
				CLANG_WARN_RANGE_LOOP_ANALYSIS = YES;
				CLANG_WARN_STRICT_PROTOTYPES = YES;
				CLANG_WARN_SUSPICIOUS_MOVE = YES;
				CLANG_WARN_UNGUARDED_AVAILABILITY = YES_AGGRESSIVE;
				CLANG_WARN_UNREACHABLE_CODE = YES;
				CLANG_WARN__DUPLICATE_METHOD_MATCH = YES;
				COPY_PHASE_STRIP = NO;
				DEBUG_INFORMATION_FORMAT = dwarf;
				ENABLE_STRICT_OBJC_MSGSEND = YES;
				ENABLE_TESTABILITY = YES;
				GCC_C_LANGUAGE_STANDARD = gnu11;
				GCC_DYNAMIC_NO_PIC = NO;
				GCC_NO_COMMON_BLOCKS = YES;
				GCC_OPTIMIZATION_LEVEL = 0;
				GCC_PREPROCESSOR_DEFINITIONS = (
					"DEBUG=1",
					"$(inherited)",
				);
				GCC_WARN_64_TO_32_BIT_CONVERSION = YES;
				GCC_WARN_ABOUT_RETURN_TYPE = YES_ERROR;
				GCC_WARN_UNDECLARED_SELECTOR = YES;
				GCC_WARN_UNINITIALIZED_AUTOS = YES_AGGRESSIVE;
				GCC_WARN_UNUSED_FUNCTION = YES;
				GCC_WARN_UNUSED_VARIABLE = YES;
				IPHONEOS_DEPLOYMENT_TARGET = 16.1;
				MTL_ENABLE_DEBUG_INFO = INCLUDE_SOURCE;
				MTL_FAST_MATH = YES;
				ONLY_ACTIVE_ARCH = YES;
				SDKROOT = iphoneos;
				SWIFT_ACTIVE_COMPILATION_CONDITIONS = DEBUG;
				SWIFT_OPTIMIZATION_LEVEL = "-Onone";
			};
			name = Debug;
		};
		75986DE129D8B8CD00BDECB0 /* Release */ = {
			isa = XCBuildConfiguration;
			buildSettings = {
				ALWAYS_SEARCH_USER_PATHS = NO;
				CLANG_ANALYZER_NONNULL = YES;
				CLANG_ANALYZER_NUMBER_OBJECT_CONVERSION = YES_AGGRESSIVE;
				CLANG_CXX_LANGUAGE_STANDARD = "gnu++20";
				CLANG_ENABLE_MODULES = YES;
				CLANG_ENABLE_OBJC_ARC = YES;
				CLANG_ENABLE_OBJC_WEAK = YES;
				CLANG_WARN_BLOCK_CAPTURE_AUTORELEASING = YES;
				CLANG_WARN_BOOL_CONVERSION = YES;
				CLANG_WARN_COMMA = YES;
				CLANG_WARN_CONSTANT_CONVERSION = YES;
				CLANG_WARN_DEPRECATED_OBJC_IMPLEMENTATIONS = YES;
				CLANG_WARN_DIRECT_OBJC_ISA_USAGE = YES_ERROR;
				CLANG_WARN_DOCUMENTATION_COMMENTS = YES;
				CLANG_WARN_EMPTY_BODY = YES;
				CLANG_WARN_ENUM_CONVERSION = YES;
				CLANG_WARN_INFINITE_RECURSION = YES;
				CLANG_WARN_INT_CONVERSION = YES;
				CLANG_WARN_NON_LITERAL_NULL_CONVERSION = YES;
				CLANG_WARN_OBJC_IMPLICIT_RETAIN_SELF = YES;
				CLANG_WARN_OBJC_LITERAL_CONVERSION = YES;
				CLANG_WARN_OBJC_ROOT_CLASS = YES_ERROR;
				CLANG_WARN_QUOTED_INCLUDE_IN_FRAMEWORK_HEADER = YES;
				CLANG_WARN_RANGE_LOOP_ANALYSIS = YES;
				CLANG_WARN_STRICT_PROTOTYPES = YES;
				CLANG_WARN_SUSPICIOUS_MOVE = YES;
				CLANG_WARN_UNGUARDED_AVAILABILITY = YES_AGGRESSIVE;
				CLANG_WARN_UNREACHABLE_CODE = YES;
				CLANG_WARN__DUPLICATE_METHOD_MATCH = YES;
				COPY_PHASE_STRIP = NO;
				DEBUG_INFORMATION_FORMAT = "dwarf-with-dsym";
				ENABLE_NS_ASSERTIONS = NO;
				ENABLE_STRICT_OBJC_MSGSEND = YES;
				GCC_C_LANGUAGE_STANDARD = gnu11;
				GCC_NO_COMMON_BLOCKS = YES;
				GCC_WARN_64_TO_32_BIT_CONVERSION = YES;
				GCC_WARN_ABOUT_RETURN_TYPE = YES_ERROR;
				GCC_WARN_UNDECLARED_SELECTOR = YES;
				GCC_WARN_UNINITIALIZED_AUTOS = YES_AGGRESSIVE;
				GCC_WARN_UNUSED_FUNCTION = YES;
				GCC_WARN_UNUSED_VARIABLE = YES;
				IPHONEOS_DEPLOYMENT_TARGET = 16.1;
				MTL_ENABLE_DEBUG_INFO = NO;
				MTL_FAST_MATH = YES;
				SDKROOT = iphoneos;
				SWIFT_COMPILATION_MODE = wholemodule;
				SWIFT_OPTIMIZATION_LEVEL = "-O";
				VALIDATE_PRODUCT = YES;
			};
			name = Release;
		};
		75986DE329D8B8CD00BDECB0 /* Debug */ = {
			isa = XCBuildConfiguration;
			buildSettings = {
				ASSETCATALOG_COMPILER_APPICON_NAME = AppIcon;
				ASSETCATALOG_COMPILER_GLOBAL_ACCENT_COLOR_NAME = AccentColor;
				CODE_SIGN_STYLE = Automatic;
				CURRENT_PROJECT_VERSION = 1;
				GENERATE_INFOPLIST_FILE = YES;
				INFOPLIST_FILE = MovieApp/SupportingFiles/Info.plist;
				INFOPLIST_KEY_UIApplicationSupportsIndirectInputEvents = YES;
				INFOPLIST_KEY_UILaunchStoryboardName = LaunchScreen;
				INFOPLIST_KEY_UISupportedInterfaceOrientations = UIInterfaceOrientationPortrait;
				INFOPLIST_KEY_UISupportedInterfaceOrientations_iPad = "UIInterfaceOrientationLandscapeLeft UIInterfaceOrientationLandscapeRight UIInterfaceOrientationPortrait UIInterfaceOrientationPortraitUpsideDown";
				IPHONEOS_DEPLOYMENT_TARGET = 13.0;
				LD_RUNPATH_SEARCH_PATHS = (
					"$(inherited)",
					"@executable_path/Frameworks",
				);
				MARKETING_VERSION = 1.0;
				PRODUCT_BUNDLE_IDENTIFIER = com.tacarlen.MovieApp;
				PRODUCT_NAME = "$(TARGET_NAME)";
				SUPPORTED_PLATFORMS = "iphoneos iphonesimulator";
				SUPPORTS_MACCATALYST = NO;
				SUPPORTS_MAC_DESIGNED_FOR_IPHONE_IPAD = NO;
				SWIFT_EMIT_LOC_STRINGS = YES;
				SWIFT_VERSION = 5.0;
				TARGETED_DEVICE_FAMILY = 1;
			};
			name = Debug;
		};
		75986DE429D8B8CD00BDECB0 /* Release */ = {
			isa = XCBuildConfiguration;
			buildSettings = {
				ASSETCATALOG_COMPILER_APPICON_NAME = AppIcon;
				ASSETCATALOG_COMPILER_GLOBAL_ACCENT_COLOR_NAME = AccentColor;
				CODE_SIGN_STYLE = Automatic;
				CURRENT_PROJECT_VERSION = 1;
				GENERATE_INFOPLIST_FILE = YES;
				INFOPLIST_FILE = MovieApp/SupportingFiles/Info.plist;
				INFOPLIST_KEY_UIApplicationSupportsIndirectInputEvents = YES;
				INFOPLIST_KEY_UILaunchStoryboardName = LaunchScreen;
				INFOPLIST_KEY_UISupportedInterfaceOrientations = UIInterfaceOrientationPortrait;
				INFOPLIST_KEY_UISupportedInterfaceOrientations_iPad = "UIInterfaceOrientationLandscapeLeft UIInterfaceOrientationLandscapeRight UIInterfaceOrientationPortrait UIInterfaceOrientationPortraitUpsideDown";
				IPHONEOS_DEPLOYMENT_TARGET = 13.0;
				LD_RUNPATH_SEARCH_PATHS = (
					"$(inherited)",
					"@executable_path/Frameworks",
				);
				MARKETING_VERSION = 1.0;
				PRODUCT_BUNDLE_IDENTIFIER = com.tacarlen.MovieApp;
				PRODUCT_NAME = "$(TARGET_NAME)";
				SUPPORTED_PLATFORMS = "iphoneos iphonesimulator";
				SUPPORTS_MACCATALYST = NO;
				SUPPORTS_MAC_DESIGNED_FOR_IPHONE_IPAD = NO;
				SWIFT_EMIT_LOC_STRINGS = YES;
				SWIFT_VERSION = 5.0;
				TARGETED_DEVICE_FAMILY = 1;
			};
			name = Release;
		};
/* End XCBuildConfiguration section */

/* Begin XCConfigurationList section */
		75986DC629D8B8CC00BDECB0 /* Build configuration list for PBXProject "MovieApp" */ = {
			isa = XCConfigurationList;
			buildConfigurations = (
				75986DE029D8B8CD00BDECB0 /* Debug */,
				75986DE129D8B8CD00BDECB0 /* Release */,
			);
			defaultConfigurationIsVisible = 0;
			defaultConfigurationName = Release;
		};
		75986DE229D8B8CD00BDECB0 /* Build configuration list for PBXNativeTarget "MovieApp" */ = {
			isa = XCConfigurationList;
			buildConfigurations = (
				75986DE329D8B8CD00BDECB0 /* Debug */,
				75986DE429D8B8CD00BDECB0 /* Release */,
			);
			defaultConfigurationIsVisible = 0;
			defaultConfigurationName = Release;
		};
/* End XCConfigurationList section */

/* Begin XCVersionGroup section */
		75986DD729D8B8CC00BDECB0 /* MovieApp.xcdatamodeld */ = {
			isa = XCVersionGroup;
			children = (
				75986DD829D8B8CC00BDECB0 /* MovieApp.xcdatamodel */,
			);
			currentVersion = 75986DD829D8B8CC00BDECB0 /* MovieApp.xcdatamodel */;
			path = MovieApp.xcdatamodeld;
			sourceTree = "<group>";
			versionGroupType = wrapper.xcdatamodel;
		};
/* End XCVersionGroup section */
	};
	rootObject = 75986DC329D8B8CC00BDECB0 /* Project object */;
}
